// !$*UTF8*$!
{
	archiveVersion = 1;
	classes = {
	};
	objectVersion = 46;
	objects = {

/* Begin PBXBuildFile section */
		090BE6E91891559D00A1DE0C /* DBCoreDataStack.m in Sources */ = {isa = PBXBuildFile; fileRef = 090BE6E61891559D00A1DE0C /* DBCoreDataStack.m */; };
		090BE6EA1891559D00A1DE0C /* menuCoreDataModel.xcdatamodeld in Sources */ = {isa = PBXBuildFile; fileRef = 090BE6E71891559D00A1DE0C /* menuCoreDataModel.xcdatamodeld */; };
		090BE6ED189155E700A1DE0C /* Drink.m in Sources */ = {isa = PBXBuildFile; fileRef = 090BE6EC189155E700A1DE0C /* Drink.m */; };
		090BE6F01891679400A1DE0C /* exempleTVC.m in Sources */ = {isa = PBXBuildFile; fileRef = 090BE6EF1891679400A1DE0C /* exempleTVC.m */; };
		0985BD331831A34900424307 /* editionTableView_iPad.storyboard in Resources */ = {isa = PBXBuildFile; fileRef = 0985BD2F1831A34900424307 /* editionTableView_iPad.storyboard */; };
		0985BD341831A34900424307 /* editionTableView_iPhone.storyboard in Resources */ = {isa = PBXBuildFile; fileRef = 0985BD311831A34900424307 /* editionTableView_iPhone.storyboard */; };
		099F8567182922630069A971 /* Foundation.framework in Frameworks */ = {isa = PBXBuildFile; fileRef = 099F8566182922630069A971 /* Foundation.framework */; };
		099F8569182922630069A971 /* CoreGraphics.framework in Frameworks */ = {isa = PBXBuildFile; fileRef = 099F8568182922630069A971 /* CoreGraphics.framework */; };
		099F856B182922630069A971 /* UIKit.framework in Frameworks */ = {isa = PBXBuildFile; fileRef = 099F856A182922630069A971 /* UIKit.framework */; };
		099F8571182922630069A971 /* InfoPlist.strings in Resources */ = {isa = PBXBuildFile; fileRef = 099F856F182922630069A971 /* InfoPlist.strings */; };
		099F8573182922630069A971 /* main.m in Sources */ = {isa = PBXBuildFile; fileRef = 099F8572182922630069A971 /* main.m */; };
		099F8577182922630069A971 /* EDAppDelegate.m in Sources */ = {isa = PBXBuildFile; fileRef = 099F8576182922630069A971 /* EDAppDelegate.m */; };
		099F8582182922630069A971 /* Images.xcassets in Resources */ = {isa = PBXBuildFile; fileRef = 099F8581182922630069A971 /* Images.xcassets */; };
		099F8589182922630069A971 /* XCTest.framework in Frameworks */ = {isa = PBXBuildFile; fileRef = 099F8588182922630069A971 /* XCTest.framework */; };
		099F858A182922630069A971 /* Foundation.framework in Frameworks */ = {isa = PBXBuildFile; fileRef = 099F8566182922630069A971 /* Foundation.framework */; };
		099F858B182922630069A971 /* UIKit.framework in Frameworks */ = {isa = PBXBuildFile; fileRef = 099F856A182922630069A971 /* UIKit.framework */; };
		099F8593182922630069A971 /* InfoPlist.strings in Resources */ = {isa = PBXBuildFile; fileRef = 099F8591182922630069A971 /* InfoPlist.strings */; };
		099F8595182922630069A971 /* EditionMenuTests.m in Sources */ = {isa = PBXBuildFile; fileRef = 099F8594182922630069A971 /* EditionMenuTests.m */; };
		099F85A0182924F20069A971 /* EDRootVC.m in Sources */ = {isa = PBXBuildFile; fileRef = 099F859F182924F20069A971 /* EDRootVC.m */; };
		099F85B318294FDC0069A971 /* EDDetailVC.m in Sources */ = {isa = PBXBuildFile; fileRef = 099F85B218294FDC0069A971 /* EDDetailVC.m */; };
		099F85B6182953BA0069A971 /* EDAddVC.m in Sources */ = {isa = PBXBuildFile; fileRef = 099F85B5182953BA0069A971 /* EDAddVC.m */; };
		099F85B8182954480069A971 /* CoreData.framework in Frameworks */ = {isa = PBXBuildFile; fileRef = 099F85B7182954480069A971 /* CoreData.framework */; };
		099F85BB1829808E0069A971 /* EDEditVC.m in Sources */ = {isa = PBXBuildFile; fileRef = 099F85BA1829808E0069A971 /* EDEditVC.m */; };
/* End PBXBuildFile section */

/* Begin PBXContainerItemProxy section */
		099F858C182922630069A971 /* PBXContainerItemProxy */ = {
			isa = PBXContainerItemProxy;
			containerPortal = 099F855B182922630069A971 /* Project object */;
			proxyType = 1;
			remoteGlobalIDString = 099F8562182922630069A971;
			remoteInfo = EditionMenu;
		};
/* End PBXContainerItemProxy section */

/* Begin PBXFileReference section */
		090BE6E51891559D00A1DE0C /* DBCoreDataStack.h */ = {isa = PBXFileReference; fileEncoding = 4; lastKnownFileType = sourcecode.c.h; name = DBCoreDataStack.h; path = ../../../spellingForMyKids/addOn/coreDataStack/coreDataStack/DBCoreDataStack.h; sourceTree = "<group>"; };
		090BE6E61891559D00A1DE0C /* DBCoreDataStack.m */ = {isa = PBXFileReference; fileEncoding = 4; lastKnownFileType = sourcecode.c.objc; name = DBCoreDataStack.m; path = ../../../spellingForMyKids/addOn/coreDataStack/coreDataStack/DBCoreDataStack.m; sourceTree = "<group>"; };
		090BE6E81891559D00A1DE0C /* menuCoreDataModel.xcdatamodel */ = {isa = PBXFileReference; lastKnownFileType = wrapper.xcdatamodel; path = menuCoreDataModel.xcdatamodel; sourceTree = "<group>"; };
		090BE6EB189155E700A1DE0C /* Drink.h */ = {isa = PBXFileReference; fileEncoding = 4; lastKnownFileType = sourcecode.c.h; name = Drink.h; path = ../../../spellingForMyKids/addOn/coreDataStack/coreDataStack/Drink.h; sourceTree = "<group>"; };
		090BE6EC189155E700A1DE0C /* Drink.m */ = {isa = PBXFileReference; fileEncoding = 4; lastKnownFileType = sourcecode.c.objc; name = Drink.m; path = ../../../spellingForMyKids/addOn/coreDataStack/coreDataStack/Drink.m; sourceTree = "<group>"; };
		090BE6EE1891679400A1DE0C /* exempleTVC.h */ = {isa = PBXFileReference; fileEncoding = 4; lastKnownFileType = sourcecode.c.h; name = exempleTVC.h; path = EditionMenu/exempleTVC.h; sourceTree = "<group>"; };
		090BE6EF1891679400A1DE0C /* exempleTVC.m */ = {isa = PBXFileReference; fileEncoding = 4; lastKnownFileType = sourcecode.c.objc; name = exempleTVC.m; path = EditionMenu/exempleTVC.m; sourceTree = "<group>"; };
		0985BD301831A34900424307 /* Base */ = {isa = PBXFileReference; lastKnownFileType = file.storyboard; name = Base; path = EditionMenu/Base.lproj/editionTableView_iPad.storyboard; sourceTree = "<group>"; };
		0985BD321831A34900424307 /* Base */ = {isa = PBXFileReference; lastKnownFileType = file.storyboard; name = Base; path = EditionMenu/Base.lproj/editionTableView_iPhone.storyboard; sourceTree = "<group>"; };
		099F8563182922630069A971 /* EditionMenu.app */ = {isa = PBXFileReference; explicitFileType = wrapper.application; includeInIndex = 0; path = EditionMenu.app; sourceTree = BUILT_PRODUCTS_DIR; };
		099F8566182922630069A971 /* Foundation.framework */ = {isa = PBXFileReference; lastKnownFileType = wrapper.framework; name = Foundation.framework; path = System/Library/Frameworks/Foundation.framework; sourceTree = SDKROOT; };
		099F8568182922630069A971 /* CoreGraphics.framework */ = {isa = PBXFileReference; lastKnownFileType = wrapper.framework; name = CoreGraphics.framework; path = System/Library/Frameworks/CoreGraphics.framework; sourceTree = SDKROOT; };
		099F856A182922630069A971 /* UIKit.framework */ = {isa = PBXFileReference; lastKnownFileType = wrapper.framework; name = UIKit.framework; path = System/Library/Frameworks/UIKit.framework; sourceTree = SDKROOT; };
		099F856E182922630069A971 /* EditionMenu-Info.plist */ = {isa = PBXFileReference; lastKnownFileType = text.plist.xml; path = "EditionMenu-Info.plist"; sourceTree = "<group>"; };
		099F8570182922630069A971 /* en */ = {isa = PBXFileReference; lastKnownFileType = text.plist.strings; name = en; path = en.lproj/InfoPlist.strings; sourceTree = "<group>"; };
		099F8572182922630069A971 /* main.m */ = {isa = PBXFileReference; lastKnownFileType = sourcecode.c.objc; path = main.m; sourceTree = "<group>"; };
		099F8574182922630069A971 /* EditionMenu-Prefix.pch */ = {isa = PBXFileReference; lastKnownFileType = sourcecode.c.h; path = "EditionMenu-Prefix.pch"; sourceTree = "<group>"; };
		099F8575182922630069A971 /* EDAppDelegate.h */ = {isa = PBXFileReference; lastKnownFileType = sourcecode.c.h; path = EDAppDelegate.h; sourceTree = "<group>"; };
		099F8576182922630069A971 /* EDAppDelegate.m */ = {isa = PBXFileReference; lastKnownFileType = sourcecode.c.objc; path = EDAppDelegate.m; sourceTree = "<group>"; };
		099F8581182922630069A971 /* Images.xcassets */ = {isa = PBXFileReference; lastKnownFileType = folder.assetcatalog; path = Images.xcassets; sourceTree = "<group>"; };
		099F8587182922630069A971 /* EditionMenuTests.xctest */ = {isa = PBXFileReference; explicitFileType = wrapper.cfbundle; includeInIndex = 0; path = EditionMenuTests.xctest; sourceTree = BUILT_PRODUCTS_DIR; };
		099F8588182922630069A971 /* XCTest.framework */ = {isa = PBXFileReference; lastKnownFileType = wrapper.framework; name = XCTest.framework; path = Library/Frameworks/XCTest.framework; sourceTree = DEVELOPER_DIR; };
		099F8590182922630069A971 /* EditionMenuTests-Info.plist */ = {isa = PBXFileReference; lastKnownFileType = text.plist.xml; path = "EditionMenuTests-Info.plist"; sourceTree = "<group>"; };
		099F8592182922630069A971 /* en */ = {isa = PBXFileReference; lastKnownFileType = text.plist.strings; name = en; path = en.lproj/InfoPlist.strings; sourceTree = "<group>"; };
		099F8594182922630069A971 /* EditionMenuTests.m */ = {isa = PBXFileReference; lastKnownFileType = sourcecode.c.objc; path = EditionMenuTests.m; sourceTree = "<group>"; };
		099F859E182924F20069A971 /* EDRootVC.h */ = {isa = PBXFileReference; fileEncoding = 4; lastKnownFileType = sourcecode.c.h; path = EDRootVC.h; sourceTree = "<group>"; };
		099F859F182924F20069A971 /* EDRootVC.m */ = {isa = PBXFileReference; fileEncoding = 4; lastKnownFileType = sourcecode.c.objc; path = EDRootVC.m; sourceTree = "<group>"; };
		099F85B118294FDC0069A971 /* EDDetailVC.h */ = {isa = PBXFileReference; fileEncoding = 4; lastKnownFileType = sourcecode.c.h; path = EDDetailVC.h; sourceTree = "<group>"; };
		099F85B218294FDC0069A971 /* EDDetailVC.m */ = {isa = PBXFileReference; fileEncoding = 4; lastKnownFileType = sourcecode.c.objc; path = EDDetailVC.m; sourceTree = "<group>"; };
		099F85B4182953BA0069A971 /* EDAddVC.h */ = {isa = PBXFileReference; fileEncoding = 4; lastKnownFileType = sourcecode.c.h; path = EDAddVC.h; sourceTree = "<group>"; };
		099F85B5182953BA0069A971 /* EDAddVC.m */ = {isa = PBXFileReference; fileEncoding = 4; lastKnownFileType = sourcecode.c.objc; path = EDAddVC.m; sourceTree = "<group>"; };
		099F85B7182954480069A971 /* CoreData.framework */ = {isa = PBXFileReference; lastKnownFileType = wrapper.framework; name = CoreData.framework; path = System/Library/Frameworks/CoreData.framework; sourceTree = SDKROOT; };
		099F85B91829808E0069A971 /* EDEditVC.h */ = {isa = PBXFileReference; fileEncoding = 4; lastKnownFileType = sourcecode.c.h; path = EDEditVC.h; sourceTree = "<group>"; };
		099F85BA1829808E0069A971 /* EDEditVC.m */ = {isa = PBXFileReference; fileEncoding = 4; lastKnownFileType = sourcecode.c.objc; path = EDEditVC.m; sourceTree = "<group>"; };
/* End PBXFileReference section */

/* Begin PBXFrameworksBuildPhase section */
		099F8560182922630069A971 /* Frameworks */ = {
			isa = PBXFrameworksBuildPhase;
			buildActionMask = 2147483647;
			files = (
				099F85B8182954480069A971 /* CoreData.framework in Frameworks */,
				099F8569182922630069A971 /* CoreGraphics.framework in Frameworks */,
				099F856B182922630069A971 /* UIKit.framework in Frameworks */,
				099F8567182922630069A971 /* Foundation.framework in Frameworks */,
			);
			runOnlyForDeploymentPostprocessing = 0;
		};
		099F8584182922630069A971 /* Frameworks */ = {
			isa = PBXFrameworksBuildPhase;
			buildActionMask = 2147483647;
			files = (
				099F8589182922630069A971 /* XCTest.framework in Frameworks */,
				099F858B182922630069A971 /* UIKit.framework in Frameworks */,
				099F858A182922630069A971 /* Foundation.framework in Frameworks */,
			);
			runOnlyForDeploymentPostprocessing = 0;
		};
/* End PBXFrameworksBuildPhase section */

/* Begin PBXGroup section */
		090BE6E41891553E00A1DE0C /* imported */ = {
			isa = PBXGroup;
			children = (
				099F85A7182939F00069A971 /* CoreData */,
			);
			name = imported;
			sourceTree = "<group>";
		};
		099F855A182922630069A971 = {
			isa = PBXGroup;
			children = (
				090BE6EE1891679400A1DE0C /* exempleTVC.h */,
				090BE6EF1891679400A1DE0C /* exempleTVC.m */,
				0985BD2F1831A34900424307 /* editionTableView_iPad.storyboard */,
				0985BD311831A34900424307 /* editionTableView_iPhone.storyboard */,
				099F856C182922630069A971 /* EditionMenu */,
				090BE6E41891553E00A1DE0C /* imported */,
				099F858E182922630069A971 /* EditionMenuTests */,
				099F8565182922630069A971 /* Frameworks */,
				099F8564182922630069A971 /* Products */,
			);
			sourceTree = "<group>";
		};
		099F8564182922630069A971 /* Products */ = {
			isa = PBXGroup;
			children = (
				099F8563182922630069A971 /* EditionMenu.app */,
				099F8587182922630069A971 /* EditionMenuTests.xctest */,
			);
			name = Products;
			sourceTree = "<group>";
		};
		099F8565182922630069A971 /* Frameworks */ = {
			isa = PBXGroup;
			children = (
				099F85B7182954480069A971 /* CoreData.framework */,
				099F8566182922630069A971 /* Foundation.framework */,
				099F8568182922630069A971 /* CoreGraphics.framework */,
				099F856A182922630069A971 /* UIKit.framework */,
				099F8588182922630069A971 /* XCTest.framework */,
			);
			name = Frameworks;
			sourceTree = "<group>";
		};
		099F856C182922630069A971 /* EditionMenu */ = {
			isa = PBXGroup;
			children = (
				099F859E182924F20069A971 /* EDRootVC.h */,
				099F859F182924F20069A971 /* EDRootVC.m */,
				099F85B118294FDC0069A971 /* EDDetailVC.h */,
				099F85B218294FDC0069A971 /* EDDetailVC.m */,
				099F85B4182953BA0069A971 /* EDAddVC.h */,
				099F85B5182953BA0069A971 /* EDAddVC.m */,
				099F85B91829808E0069A971 /* EDEditVC.h */,
				099F85BA1829808E0069A971 /* EDEditVC.m */,
				099F8575182922630069A971 /* EDAppDelegate.h */,
				099F8576182922630069A971 /* EDAppDelegate.m */,
				099F8581182922630069A971 /* Images.xcassets */,
				099F856D182922630069A971 /* Supporting Files */,
			);
			path = EditionMenu;
			sourceTree = "<group>";
		};
		099F856D182922630069A971 /* Supporting Files */ = {
			isa = PBXGroup;
			children = (
				099F856E182922630069A971 /* EditionMenu-Info.plist */,
				099F856F182922630069A971 /* InfoPlist.strings */,
				099F8572182922630069A971 /* main.m */,
				099F8574182922630069A971 /* EditionMenu-Prefix.pch */,
			);
			name = "Supporting Files";
			sourceTree = "<group>";
		};
		099F858E182922630069A971 /* EditionMenuTests */ = {
			isa = PBXGroup;
			children = (
				099F8594182922630069A971 /* EditionMenuTests.m */,
				099F858F182922630069A971 /* Supporting Files */,
			);
			path = EditionMenuTests;
			sourceTree = "<group>";
		};
		099F858F182922630069A971 /* Supporting Files */ = {
			isa = PBXGroup;
			children = (
				099F8590182922630069A971 /* EditionMenuTests-Info.plist */,
				099F8591182922630069A971 /* InfoPlist.strings */,
			);
			name = "Supporting Files";
			sourceTree = "<group>";
		};
		099F85A7182939F00069A971 /* CoreData */ = {
			isa = PBXGroup;
			children = (
				090BE6EB189155E700A1DE0C /* Drink.h */,
				090BE6EC189155E700A1DE0C /* Drink.m */,
				090BE6E51891559D00A1DE0C /* DBCoreDataStack.h */,
				090BE6E61891559D00A1DE0C /* DBCoreDataStack.m */,
				090BE6E71891559D00A1DE0C /* menuCoreDataModel.xcdatamodeld */,
			);
			name = CoreData;
			path = EditionMenu;
			sourceTree = "<group>";
		};
/* End PBXGroup section */

/* Begin PBXNativeTarget section */
		099F8562182922630069A971 /* EditionMenu */ = {
			isa = PBXNativeTarget;
			buildConfigurationList = 099F8598182922630069A971 /* Build configuration list for PBXNativeTarget "EditionMenu" */;
			buildPhases = (
				099F855F182922630069A971 /* Sources */,
				099F8560182922630069A971 /* Frameworks */,
				099F8561182922630069A971 /* Resources */,
			);
			buildRules = (
			);
			dependencies = (
			);
			name = EditionMenu;
			productName = EditionMenu;
			productReference = 099F8563182922630069A971 /* EditionMenu.app */;
			productType = "com.apple.product-type.application";
		};
		099F8586182922630069A971 /* EditionMenuTests */ = {
			isa = PBXNativeTarget;
			buildConfigurationList = 099F859B182922630069A971 /* Build configuration list for PBXNativeTarget "EditionMenuTests" */;
			buildPhases = (
				099F8583182922630069A971 /* Sources */,
				099F8584182922630069A971 /* Frameworks */,
				099F8585182922630069A971 /* Resources */,
			);
			buildRules = (
			);
			dependencies = (
				099F858D182922630069A971 /* PBXTargetDependency */,
			);
			name = EditionMenuTests;
			productName = EditionMenuTests;
			productReference = 099F8587182922630069A971 /* EditionMenuTests.xctest */;
			productType = "com.apple.product-type.bundle.unit-test";
		};
/* End PBXNativeTarget section */

/* Begin PBXProject section */
		099F855B182922630069A971 /* Project object */ = {
			isa = PBXProject;
			attributes = {
				CLASSPREFIX = ED;
				LastUpgradeCheck = 0500;
				ORGANIZATIONNAME = "Olivier Delecueillerie";
				TargetAttributes = {
					099F8586182922630069A971 = {
						TestTargetID = 099F8562182922630069A971;
					};
				};
			};
			buildConfigurationList = 099F855E182922630069A971 /* Build configuration list for PBXProject "EditionMenu" */;
			compatibilityVersion = "Xcode 3.2";
			developmentRegion = English;
			hasScannedForEncodings = 0;
			knownRegions = (
				en,
				Base,
			);
			mainGroup = 099F855A182922630069A971;
			productRefGroup = 099F8564182922630069A971 /* Products */;
			projectDirPath = "";
			projectRoot = "";
			targets = (
				099F8562182922630069A971 /* EditionMenu */,
				099F8586182922630069A971 /* EditionMenuTests */,
			);
		};
/* End PBXProject section */

/* Begin PBXResourcesBuildPhase section */
		099F8561182922630069A971 /* Resources */ = {
			isa = PBXResourcesBuildPhase;
			buildActionMask = 2147483647;
			files = (
				099F8582182922630069A971 /* Images.xcassets in Resources */,
				099F8571182922630069A971 /* InfoPlist.strings in Resources */,
				0985BD341831A34900424307 /* editionTableView_iPhone.storyboard in Resources */,
				0985BD331831A34900424307 /* editionTableView_iPad.storyboard in Resources */,
			);
			runOnlyForDeploymentPostprocessing = 0;
		};
		099F8585182922630069A971 /* Resources */ = {
			isa = PBXResourcesBuildPhase;
			buildActionMask = 2147483647;
			files = (
				099F8593182922630069A971 /* InfoPlist.strings in Resources */,
			);
			runOnlyForDeploymentPostprocessing = 0;
		};
/* End PBXResourcesBuildPhase section */

/* Begin PBXSourcesBuildPhase section */
		099F855F182922630069A971 /* Sources */ = {
			isa = PBXSourcesBuildPhase;
			buildActionMask = 2147483647;
			files = (
				099F8573182922630069A971 /* main.m in Sources */,
				099F85B6182953BA0069A971 /* EDAddVC.m in Sources */,
				090BE6E91891559D00A1DE0C /* DBCoreDataStack.m in Sources */,
				099F8577182922630069A971 /* EDAppDelegate.m in Sources */,
				090BE6F01891679400A1DE0C /* exempleTVC.m in Sources */,
				099F85A0182924F20069A971 /* EDRootVC.m in Sources */,
				099F85BB1829808E0069A971 /* EDEditVC.m in Sources */,
				090BE6ED189155E700A1DE0C /* Drink.m in Sources */,
				099F85B318294FDC0069A971 /* EDDetailVC.m in Sources */,
				090BE6EA1891559D00A1DE0C /* menuCoreDataModel.xcdatamodeld in Sources */,
			);
			runOnlyForDeploymentPostprocessing = 0;
		};
		099F8583182922630069A971 /* Sources */ = {
			isa = PBXSourcesBuildPhase;
			buildActionMask = 2147483647;
			files = (
				099F8595182922630069A971 /* EditionMenuTests.m in Sources */,
			);
			runOnlyForDeploymentPostprocessing = 0;
		};
/* End PBXSourcesBuildPhase section */

/* Begin PBXTargetDependency section */
		099F858D182922630069A971 /* PBXTargetDependency */ = {
			isa = PBXTargetDependency;
			target = 099F8562182922630069A971 /* EditionMenu */;
			targetProxy = 099F858C182922630069A971 /* PBXContainerItemProxy */;
		};
/* End PBXTargetDependency section */

/* Begin PBXVariantGroup section */
		0985BD2F1831A34900424307 /* editionTableView_iPad.storyboard */ = {
			isa = PBXVariantGroup;
			children = (
				0985BD301831A34900424307 /* Base */,
			);
			name = editionTableView_iPad.storyboard;
			sourceTree = "<group>";
		};
		0985BD311831A34900424307 /* editionTableView_iPhone.storyboard */ = {
			isa = PBXVariantGroup;
			children = (
				0985BD321831A34900424307 /* Base */,
			);
			name = editionTableView_iPhone.storyboard;
			sourceTree = "<group>";
		};
		099F856F182922630069A971 /* InfoPlist.strings */ = {
			isa = PBXVariantGroup;
			children = (
				099F8570182922630069A971 /* en */,
			);
			name = InfoPlist.strings;
			sourceTree = "<group>";
		};
		099F8591182922630069A971 /* InfoPlist.strings */ = {
			isa = PBXVariantGroup;
			children = (
				099F8592182922630069A971 /* en */,
			);
			name = InfoPlist.strings;
			sourceTree = "<group>";
		};
/* End PBXVariantGroup section */

/* Begin XCBuildConfiguration section */
		099F8596182922630069A971 /* Debug */ = {
			isa = XCBuildConfiguration;
			buildSettings = {
				ALWAYS_SEARCH_USER_PATHS = NO;
				ARCHS = "$(ARCHS_STANDARD_INCLUDING_64_BIT)";
				CLANG_CXX_LANGUAGE_STANDARD = "gnu++0x";
				CLANG_CXX_LIBRARY = "libc++";
				CLANG_ENABLE_MODULES = YES;
				CLANG_ENABLE_OBJC_ARC = YES;
				CLANG_WARN_BOOL_CONVERSION = YES;
				CLANG_WARN_CONSTANT_CONVERSION = YES;
				CLANG_WARN_DIRECT_OBJC_ISA_USAGE = YES_ERROR;
				CLANG_WARN_EMPTY_BODY = YES;
				CLANG_WARN_ENUM_CONVERSION = YES;
				CLANG_WARN_INT_CONVERSION = YES;
				CLANG_WARN_OBJC_ROOT_CLASS = YES_ERROR;
				CLANG_WARN__DUPLICATE_METHOD_MATCH = YES;
				"CODE_SIGN_IDENTITY[sdk=iphoneos*]" = "iPhone Developer";
				COPY_PHASE_STRIP = NO;
				GCC_C_LANGUAGE_STANDARD = gnu99;
				GCC_DYNAMIC_NO_PIC = NO;
				GCC_OPTIMIZATION_LEVEL = 0;
				GCC_PREPROCESSOR_DEFINITIONS = (
					"DEBUG=1",
					"$(inherited)",
				);
				GCC_SYMBOLS_PRIVATE_EXTERN = NO;
				GCC_WARN_64_TO_32_BIT_CONVERSION = YES;
				GCC_WARN_ABOUT_RETURN_TYPE = YES_ERROR;
				GCC_WARN_UNDECLARED_SELECTOR = YES;
				GCC_WARN_UNINITIALIZED_AUTOS = YES;
				GCC_WARN_UNUSED_FUNCTION = YES;
				GCC_WARN_UNUSED_VARIABLE = YES;
				IPHONEOS_DEPLOYMENT_TARGET = 7.0;
				ONLY_ACTIVE_ARCH = YES;
				SDKROOT = iphoneos;
				TARGETED_DEVICE_FAMILY = "1,2";
			};
			name = Debug;
		};
		099F8597182922630069A971 /* Release */ = {
			isa = XCBuildConfiguration;
			buildSettings = {
				ALWAYS_SEARCH_USER_PATHS = NO;
				ARCHS = "$(ARCHS_STANDARD_INCLUDING_64_BIT)";
				CLANG_CXX_LANGUAGE_STANDARD = "gnu++0x";
				CLANG_CXX_LIBRARY = "libc++";
				CLANG_ENABLE_MODULES = YES;
				CLANG_ENABLE_OBJC_ARC = YES;
				CLANG_WARN_BOOL_CONVERSION = YES;
				CLANG_WARN_CONSTANT_CONVERSION = YES;
				CLANG_WARN_DIRECT_OBJC_ISA_USAGE = YES_ERROR;
				CLANG_WARN_EMPTY_BODY = YES;
				CLANG_WARN_ENUM_CONVERSION = YES;
				CLANG_WARN_INT_CONVERSION = YES;
				CLANG_WARN_OBJC_ROOT_CLASS = YES_ERROR;
				CLANG_WARN__DUPLICATE_METHOD_MATCH = YES;
				"CODE_SIGN_IDENTITY[sdk=iphoneos*]" = "iPhone Developer";
				COPY_PHASE_STRIP = YES;
				ENABLE_NS_ASSERTIONS = NO;
				GCC_C_LANGUAGE_STANDARD = gnu99;
				GCC_WARN_64_TO_32_BIT_CONVERSION = YES;
				GCC_WARN_ABOUT_RETURN_TYPE = YES_ERROR;
				GCC_WARN_UNDECLARED_SELECTOR = YES;
				GCC_WARN_UNINITIALIZED_AUTOS = YES;
				GCC_WARN_UNUSED_FUNCTION = YES;
				GCC_WARN_UNUSED_VARIABLE = YES;
				IPHONEOS_DEPLOYMENT_TARGET = 7.0;
				SDKROOT = iphoneos;
				TARGETED_DEVICE_FAMILY = "1,2";
				VALIDATE_PRODUCT = YES;
			};
			name = Release;
		};
		099F8599182922630069A971 /* Debug */ = {
			isa = XCBuildConfiguration;
			buildSettings = {
				ASSETCATALOG_COMPILER_APPICON_NAME = AppIcon;
				ASSETCATALOG_COMPILER_LAUNCHIMAGE_NAME = LaunchImage;
				GCC_PRECOMPILE_PREFIX_HEADER = YES;
				GCC_PREFIX_HEADER = "EditionMenu/EditionMenu-Prefix.pch";
				INFOPLIST_FILE = "EditionMenu/EditionMenu-Info.plist";
				PRODUCT_NAME = "$(TARGET_NAME)";
				WRAPPER_EXTENSION = app;
			};
			name = Debug;
		};
		099F859A182922630069A971 /* Release */ = {
			isa = XCBuildConfiguration;
			buildSettings = {
				ASSETCATALOG_COMPILER_APPICON_NAME = AppIcon;
				ASSETCATALOG_COMPILER_LAUNCHIMAGE_NAME = LaunchImage;
				GCC_PRECOMPILE_PREFIX_HEADER = YES;
				GCC_PREFIX_HEADER = "EditionMenu/EditionMenu-Prefix.pch";
				INFOPLIST_FILE = "EditionMenu/EditionMenu-Info.plist";
				PRODUCT_NAME = "$(TARGET_NAME)";
				WRAPPER_EXTENSION = app;
			};
			name = Release;
		};
		099F859C182922630069A971 /* Debug */ = {
			isa = XCBuildConfiguration;
			buildSettings = {
				ARCHS = "$(ARCHS_STANDARD_INCLUDING_64_BIT)";
				BUNDLE_LOADER = "$(BUILT_PRODUCTS_DIR)/EditionMenu.app/EditionMenu";
				FRAMEWORK_SEARCH_PATHS = (
					"$(SDKROOT)/Developer/Library/Frameworks",
					"$(inherited)",
					"$(DEVELOPER_FRAMEWORKS_DIR)",
				);
				GCC_PRECOMPILE_PREFIX_HEADER = YES;
				GCC_PREFIX_HEADER = "EditionMenu/EditionMenu-Prefix.pch";
				GCC_PREPROCESSOR_DEFINITIONS = (
					"DEBUG=1",
					"$(inherited)",
				);
				INFOPLIST_FILE = "EditionMenuTests/EditionMenuTests-Info.plist";
				PRODUCT_NAME = "$(TARGET_NAME)";
				TEST_HOST = "$(BUNDLE_LOADER)";
				WRAPPER_EXTENSION = xctest;
			};
			name = Debug;
		};
		099F859D182922630069A971 /* Release */ = {
			isa = XCBuildConfiguration;
			buildSettings = {
				ARCHS = "$(ARCHS_STANDARD_INCLUDING_64_BIT)";
				BUNDLE_LOADER = "$(BUILT_PRODUCTS_DIR)/EditionMenu.app/EditionMenu";
				FRAMEWORK_SEARCH_PATHS = (
					"$(SDKROOT)/Developer/Library/Frameworks",
					"$(inherited)",
					"$(DEVELOPER_FRAMEWORKS_DIR)",
				);
				GCC_PRECOMPILE_PREFIX_HEADER = YES;
				GCC_PREFIX_HEADER = "EditionMenu/EditionMenu-Prefix.pch";
				INFOPLIST_FILE = "EditionMenuTests/EditionMenuTests-Info.plist";
				PRODUCT_NAME = "$(TARGET_NAME)";
				TEST_HOST = "$(BUNDLE_LOADER)";
				WRAPPER_EXTENSION = xctest;
			};
			name = Release;
		};
/* End XCBuildConfiguration section */

/* Begin XCConfigurationList section */
		099F855E182922630069A971 /* Build configuration list for PBXProject "EditionMenu" */ = {
			isa = XCConfigurationList;
			buildConfigurations = (
				099F8596182922630069A971 /* Debug */,
				099F8597182922630069A971 /* Release */,
			);
			defaultConfigurationIsVisible = 0;
			defaultConfigurationName = Release;
		};
		099F8598182922630069A971 /* Build configuration list for PBXNativeTarget "EditionMenu" */ = {
			isa = XCConfigurationList;
			buildConfigurations = (
				099F8599182922630069A971 /* Debug */,
				099F859A182922630069A971 /* Release */,
			);
			defaultConfigurationIsVisible = 0;
			defaultConfigurationName = Release;
		};
		099F859B182922630069A971 /* Build configuration list for PBXNativeTarget "EditionMenuTests" */ = {
			isa = XCConfigurationList;
			buildConfigurations = (
				099F859C182922630069A971 /* Debug */,
				099F859D182922630069A971 /* Release */,
			);
			defaultConfigurationIsVisible = 0;
			defaultConfigurationName = Release;
		};
/* End XCConfigurationList section */

/* Begin XCVersionGroup section */
		090BE6E71891559D00A1DE0C /* menuCoreDataModel.xcdatamodeld */ = {
			isa = XCVersionGroup;
			children = (
				090BE6E81891559D00A1DE0C /* menuCoreDataModel.xcdatamodel */,
			);
			currentVersion = 090BE6E81891559D00A1DE0C /* menuCoreDataModel.xcdatamodel */;
			name = menuCoreDataModel.xcdatamodeld;
			path = ../../../spellingForMyKids/addOn/coreDataStack/coreDataStack/menuCoreDataModel.xcdatamodeld;
			sourceTree = "<group>";
			versionGroupType = wrapper.xcdatamodel;
		};
/* End XCVersionGroup section */
	};
	rootObject = 099F855B182922630069A971 /* Project object */;
}
