// !$*UTF8*$!
{
	archiveVersion = 1;
	classes = {
	};
	objectVersion = 46;
	objects = {

/* Begin PBXBuildFile section */
		0905783F186DA30A0005308C /* Foundation.framework in Frameworks */ = {isa = PBXBuildFile; fileRef = 0905783E186DA30A0005308C /* Foundation.framework */; };
		09057841186DA30A0005308C /* CoreGraphics.framework in Frameworks */ = {isa = PBXBuildFile; fileRef = 09057840186DA30A0005308C /* CoreGraphics.framework */; };
		09057843186DA30A0005308C /* UIKit.framework in Frameworks */ = {isa = PBXBuildFile; fileRef = 09057842186DA30A0005308C /* UIKit.framework */; };
		09057845186DA30A0005308C /* CoreData.framework in Frameworks */ = {isa = PBXBuildFile; fileRef = 09057844186DA30A0005308C /* CoreData.framework */; };
		0905784B186DA30A0005308C /* InfoPlist.strings in Resources */ = {isa = PBXBuildFile; fileRef = 09057849186DA30A0005308C /* InfoPlist.strings */; };
		0905784D186DA30A0005308C /* main.m in Sources */ = {isa = PBXBuildFile; fileRef = 0905784C186DA30A0005308C /* main.m */; };
		09057851186DA30A0005308C /* DBAppDelegate.m in Sources */ = {isa = PBXBuildFile; fileRef = 09057850186DA30A0005308C /* DBAppDelegate.m */; };
		09057856186DA30A0005308C /* Images.xcassets in Resources */ = {isa = PBXBuildFile; fileRef = 09057855186DA30A0005308C /* Images.xcassets */; };
		0905785D186DA30A0005308C /* XCTest.framework in Frameworks */ = {isa = PBXBuildFile; fileRef = 0905785C186DA30A0005308C /* XCTest.framework */; };
		0905785E186DA30A0005308C /* Foundation.framework in Frameworks */ = {isa = PBXBuildFile; fileRef = 0905783E186DA30A0005308C /* Foundation.framework */; };
		0905785F186DA30A0005308C /* UIKit.framework in Frameworks */ = {isa = PBXBuildFile; fileRef = 09057842186DA30A0005308C /* UIKit.framework */; };
		09057860186DA30A0005308C /* CoreData.framework in Frameworks */ = {isa = PBXBuildFile; fileRef = 09057844186DA30A0005308C /* CoreData.framework */; };
		09057868186DA30A0005308C /* InfoPlist.strings in Resources */ = {isa = PBXBuildFile; fileRef = 09057866186DA30A0005308C /* InfoPlist.strings */; };
		0905786A186DA30A0005308C /* coreDataStackTests.m in Sources */ = {isa = PBXBuildFile; fileRef = 09057869186DA30A0005308C /* coreDataStackTests.m */; };
		09057875186DA43A0005308C /* DBCoreDataStack.m in Sources */ = {isa = PBXBuildFile; fileRef = 09057874186DA43A0005308C /* DBCoreDataStack.m */; };
		0905788A186DE31C0005308C /* menuCoreDataModel.xcdatamodeld in Sources */ = {isa = PBXBuildFile; fileRef = 09057888186DE31C0005308C /* menuCoreDataModel.xcdatamodeld */; };
		090C0DF818A0F11400CE5E60 /* DBCoreDataStack+HumanReadingEntities.m in Sources */ = {isa = PBXBuildFile; fileRef = 090C0DED18A0F11400CE5E60 /* DBCoreDataStack+HumanReadingEntities.m */; };
		090C0DFA18A0F11400CE5E60 /* Kid.m in Sources */ = {isa = PBXBuildFile; fileRef = 090C0DF218A0F11400CE5E60 /* Kid.m */; };
		090C0DFB18A0F11400CE5E60 /* Spelling.m in Sources */ = {isa = PBXBuildFile; fileRef = 090C0DF418A0F11400CE5E60 /* Spelling.m */; };
		090C0DFC18A0F11400CE5E60 /* Test.m in Sources */ = {isa = PBXBuildFile; fileRef = 090C0DF618A0F11400CE5E60 /* Test.m */; };
/* End PBXBuildFile section */

/* Begin PBXContainerItemProxy section */
		09057861186DA30A0005308C /* PBXContainerItemProxy */ = {
			isa = PBXContainerItemProxy;
			containerPortal = 09057833186DA30A0005308C /* Project object */;
			proxyType = 1;
			remoteGlobalIDString = 0905783A186DA30A0005308C;
			remoteInfo = coreDataStack;
		};
/* End PBXContainerItemProxy section */

/* Begin PBXFileReference section */
		0905783B186DA30A0005308C /* coreDataStack.app */ = {isa = PBXFileReference; explicitFileType = wrapper.application; includeInIndex = 0; path = coreDataStack.app; sourceTree = BUILT_PRODUCTS_DIR; };
		0905783E186DA30A0005308C /* Foundation.framework */ = {isa = PBXFileReference; lastKnownFileType = wrapper.framework; name = Foundation.framework; path = System/Library/Frameworks/Foundation.framework; sourceTree = SDKROOT; };
		09057840186DA30A0005308C /* CoreGraphics.framework */ = {isa = PBXFileReference; lastKnownFileType = wrapper.framework; name = CoreGraphics.framework; path = System/Library/Frameworks/CoreGraphics.framework; sourceTree = SDKROOT; };
		09057842186DA30A0005308C /* UIKit.framework */ = {isa = PBXFileReference; lastKnownFileType = wrapper.framework; name = UIKit.framework; path = System/Library/Frameworks/UIKit.framework; sourceTree = SDKROOT; };
		09057844186DA30A0005308C /* CoreData.framework */ = {isa = PBXFileReference; lastKnownFileType = wrapper.framework; name = CoreData.framework; path = System/Library/Frameworks/CoreData.framework; sourceTree = SDKROOT; };
		09057848186DA30A0005308C /* coreDataStack-Info.plist */ = {isa = PBXFileReference; lastKnownFileType = text.plist.xml; path = "coreDataStack-Info.plist"; sourceTree = "<group>"; };
		0905784A186DA30A0005308C /* en */ = {isa = PBXFileReference; lastKnownFileType = text.plist.strings; name = en; path = en.lproj/InfoPlist.strings; sourceTree = "<group>"; };
		0905784C186DA30A0005308C /* main.m */ = {isa = PBXFileReference; lastKnownFileType = sourcecode.c.objc; path = main.m; sourceTree = "<group>"; };
		0905784E186DA30A0005308C /* coreDataStack-Prefix.pch */ = {isa = PBXFileReference; lastKnownFileType = sourcecode.c.h; path = "coreDataStack-Prefix.pch"; sourceTree = "<group>"; };
		0905784F186DA30A0005308C /* DBAppDelegate.h */ = {isa = PBXFileReference; lastKnownFileType = sourcecode.c.h; path = DBAppDelegate.h; sourceTree = "<group>"; };
		09057850186DA30A0005308C /* DBAppDelegate.m */ = {isa = PBXFileReference; lastKnownFileType = sourcecode.c.objc; path = DBAppDelegate.m; sourceTree = "<group>"; };
		09057855186DA30A0005308C /* Images.xcassets */ = {isa = PBXFileReference; lastKnownFileType = folder.assetcatalog; path = Images.xcassets; sourceTree = "<group>"; };
		0905785B186DA30A0005308C /* coreDataStackTests.xctest */ = {isa = PBXFileReference; explicitFileType = wrapper.cfbundle; includeInIndex = 0; path = coreDataStackTests.xctest; sourceTree = BUILT_PRODUCTS_DIR; };
		0905785C186DA30A0005308C /* XCTest.framework */ = {isa = PBXFileReference; lastKnownFileType = wrapper.framework; name = XCTest.framework; path = Library/Frameworks/XCTest.framework; sourceTree = DEVELOPER_DIR; };
		09057865186DA30A0005308C /* coreDataStackTests-Info.plist */ = {isa = PBXFileReference; lastKnownFileType = text.plist.xml; path = "coreDataStackTests-Info.plist"; sourceTree = "<group>"; };
		09057867186DA30A0005308C /* en */ = {isa = PBXFileReference; lastKnownFileType = text.plist.strings; name = en; path = en.lproj/InfoPlist.strings; sourceTree = "<group>"; };
		09057869186DA30A0005308C /* coreDataStackTests.m */ = {isa = PBXFileReference; lastKnownFileType = sourcecode.c.objc; path = coreDataStackTests.m; sourceTree = "<group>"; };
		09057873186DA43A0005308C /* DBCoreDataStack.h */ = {isa = PBXFileReference; fileEncoding = 4; lastKnownFileType = sourcecode.c.h; path = DBCoreDataStack.h; sourceTree = "<group>"; };
		09057874186DA43A0005308C /* DBCoreDataStack.m */ = {isa = PBXFileReference; fileEncoding = 4; lastKnownFileType = sourcecode.c.objc; path = DBCoreDataStack.m; sourceTree = "<group>"; };
		09057889186DE31C0005308C /* menuCoreDataModel.xcdatamodel */ = {isa = PBXFileReference; lastKnownFileType = wrapper.xcdatamodel; path = menuCoreDataModel.xcdatamodel; sourceTree = "<group>"; };
		090C0DED18A0F11400CE5E60 /* DBCoreDataStack+HumanReadingEntities.m */ = {isa = PBXFileReference; fileEncoding = 4; lastKnownFileType = sourcecode.c.objc; path = "DBCoreDataStack+HumanReadingEntities.m"; sourceTree = "<group>"; };
		090C0DF018A0F11400CE5E60 /* DBCoreDataStack+HumanReadingEntities.h */ = {isa = PBXFileReference; fileEncoding = 4; lastKnownFileType = sourcecode.c.h; path = "DBCoreDataStack+HumanReadingEntities.h"; sourceTree = "<group>"; };
		090C0DF118A0F11400CE5E60 /* Kid.h */ = {isa = PBXFileReference; fileEncoding = 4; lastKnownFileType = sourcecode.c.h; path = Kid.h; sourceTree = "<group>"; };
		090C0DF218A0F11400CE5E60 /* Kid.m */ = {isa = PBXFileReference; fileEncoding = 4; lastKnownFileType = sourcecode.c.objc; path = Kid.m; sourceTree = "<group>"; };
		090C0DF318A0F11400CE5E60 /* Spelling.h */ = {isa = PBXFileReference; fileEncoding = 4; lastKnownFileType = sourcecode.c.h; path = Spelling.h; sourceTree = "<group>"; };
		090C0DF418A0F11400CE5E60 /* Spelling.m */ = {isa = PBXFileReference; fileEncoding = 4; lastKnownFileType = sourcecode.c.objc; path = Spelling.m; sourceTree = "<group>"; };
		090C0DF518A0F11400CE5E60 /* Test.h */ = {isa = PBXFileReference; fileEncoding = 4; lastKnownFileType = sourcecode.c.h; path = Test.h; sourceTree = "<group>"; };
		090C0DF618A0F11400CE5E60 /* Test.m */ = {isa = PBXFileReference; fileEncoding = 4; lastKnownFileType = sourcecode.c.objc; path = Test.m; sourceTree = "<group>"; };
		090C0DF718A0F11400CE5E60 /* Word.h */ = {isa = PBXFileReference; fileEncoding = 4; lastKnownFileType = sourcecode.c.h; path = Word.h; sourceTree = "<group>"; };
/* End PBXFileReference section */

/* Begin PBXFrameworksBuildPhase section */
		09057838186DA30A0005308C /* Frameworks */ = {
			isa = PBXFrameworksBuildPhase;
			buildActionMask = 2147483647;
			files = (
				09057841186DA30A0005308C /* CoreGraphics.framework in Frameworks */,
				09057845186DA30A0005308C /* CoreData.framework in Frameworks */,
				09057843186DA30A0005308C /* UIKit.framework in Frameworks */,
				0905783F186DA30A0005308C /* Foundation.framework in Frameworks */,
			);
			runOnlyForDeploymentPostprocessing = 0;
		};
		09057858186DA30A0005308C /* Frameworks */ = {
			isa = PBXFrameworksBuildPhase;
			buildActionMask = 2147483647;
			files = (
				0905785D186DA30A0005308C /* XCTest.framework in Frameworks */,
				09057860186DA30A0005308C /* CoreData.framework in Frameworks */,
				0905785F186DA30A0005308C /* UIKit.framework in Frameworks */,
				0905785E186DA30A0005308C /* Foundation.framework in Frameworks */,
			);
			runOnlyForDeploymentPostprocessing = 0;
		};
/* End PBXFrameworksBuildPhase section */

/* Begin PBXGroup section */
		09057832186DA30A0005308C = {
			isa = PBXGroup;
			children = (
				09057846186DA30A0005308C /* coreDataStack */,
				09057863186DA30A0005308C /* coreDataStackTests */,
				0905783D186DA30A0005308C /* Frameworks */,
				0905783C186DA30A0005308C /* Products */,
			);
			sourceTree = "<group>";
		};
		0905783C186DA30A0005308C /* Products */ = {
			isa = PBXGroup;
			children = (
				0905783B186DA30A0005308C /* coreDataStack.app */,
				0905785B186DA30A0005308C /* coreDataStackTests.xctest */,
			);
			name = Products;
			sourceTree = "<group>";
		};
		0905783D186DA30A0005308C /* Frameworks */ = {
			isa = PBXGroup;
			children = (
				0905783E186DA30A0005308C /* Foundation.framework */,
				09057840186DA30A0005308C /* CoreGraphics.framework */,
				09057842186DA30A0005308C /* UIKit.framework */,
				09057844186DA30A0005308C /* CoreData.framework */,
				0905785C186DA30A0005308C /* XCTest.framework */,
			);
			name = Frameworks;
			sourceTree = "<group>";
		};
		09057846186DA30A0005308C /* coreDataStack */ = {
			isa = PBXGroup;
			children = (
				090C0DF018A0F11400CE5E60 /* DBCoreDataStack+HumanReadingEntities.h */,
				090C0DED18A0F11400CE5E60 /* DBCoreDataStack+HumanReadingEntities.m */,
				09057873186DA43A0005308C /* DBCoreDataStack.h */,
				09057874186DA43A0005308C /* DBCoreDataStack.m */,
				09057888186DE31C0005308C /* menuCoreDataModel.xcdatamodeld */,
				090578A0186DE58A0005308C /* NSManagedObjectSubclass */,
				0905784F186DA30A0005308C /* DBAppDelegate.h */,
				09057850186DA30A0005308C /* DBAppDelegate.m */,
				09057855186DA30A0005308C /* Images.xcassets */,
				09057847186DA30A0005308C /* Supporting Files */,
			);
			path = coreDataStack;
			sourceTree = "<group>";
		};
		09057847186DA30A0005308C /* Supporting Files */ = {
			isa = PBXGroup;
			children = (
				09057848186DA30A0005308C /* coreDataStack-Info.plist */,
				09057849186DA30A0005308C /* InfoPlist.strings */,
				0905784C186DA30A0005308C /* main.m */,
				0905784E186DA30A0005308C /* coreDataStack-Prefix.pch */,
			);
			name = "Supporting Files";
			sourceTree = "<group>";
		};
		09057863186DA30A0005308C /* coreDataStackTests */ = {
			isa = PBXGroup;
			children = (
				09057869186DA30A0005308C /* coreDataStackTests.m */,
				09057864186DA30A0005308C /* Supporting Files */,
			);
			path = coreDataStackTests;
			sourceTree = "<group>";
		};
		09057864186DA30A0005308C /* Supporting Files */ = {
			isa = PBXGroup;
			children = (
				09057865186DA30A0005308C /* coreDataStackTests-Info.plist */,
				09057866186DA30A0005308C /* InfoPlist.strings */,
			);
			name = "Supporting Files";
			sourceTree = "<group>";
		};
		090578A0186DE58A0005308C /* NSManagedObjectSubclass */ = {
			isa = PBXGroup;
			children = (
				090C0DF118A0F11400CE5E60 /* Kid.h */,
				090C0DF218A0F11400CE5E60 /* Kid.m */,
				090C0DF318A0F11400CE5E60 /* Spelling.h */,
				090C0DF418A0F11400CE5E60 /* Spelling.m */,
				090C0DF518A0F11400CE5E60 /* Test.h */,
				090C0DF618A0F11400CE5E60 /* Test.m */,
				090C0DF718A0F11400CE5E60 /* Word.h */,
			);
			name = NSManagedObjectSubclass;
			sourceTree = "<group>";
		};
/* End PBXGroup section */

/* Begin PBXNativeTarget section */
		0905783A186DA30A0005308C /* coreDataStack */ = {
			isa = PBXNativeTarget;
			buildConfigurationList = 0905786D186DA30A0005308C /* Build configuration list for PBXNativeTarget "coreDataStack" */;
			buildPhases = (
				09057837186DA30A0005308C /* Sources */,
				09057838186DA30A0005308C /* Frameworks */,
				09057839186DA30A0005308C /* Resources */,
			);
			buildRules = (
			);
			dependencies = (
			);
			name = coreDataStack;
			productName = coreDataStack;
			productReference = 0905783B186DA30A0005308C /* coreDataStack.app */;
			productType = "com.apple.product-type.application";
		};
		0905785A186DA30A0005308C /* coreDataStackTests */ = {
			isa = PBXNativeTarget;
			buildConfigurationList = 09057870186DA30A0005308C /* Build configuration list for PBXNativeTarget "coreDataStackTests" */;
			buildPhases = (
				09057857186DA30A0005308C /* Sources */,
				09057858186DA30A0005308C /* Frameworks */,
				09057859186DA30A0005308C /* Resources */,
			);
			buildRules = (
			);
			dependencies = (
				09057862186DA30A0005308C /* PBXTargetDependency */,
			);
			name = coreDataStackTests;
			productName = coreDataStackTests;
			productReference = 0905785B186DA30A0005308C /* coreDataStackTests.xctest */;
			productType = "com.apple.product-type.bundle.unit-test";
		};
/* End PBXNativeTarget section */

/* Begin PBXProject section */
		09057833186DA30A0005308C /* Project object */ = {
			isa = PBXProject;
			attributes = {
				CLASSPREFIX = DB;
				LastUpgradeCheck = 0500;
				ORGANIZATIONNAME = "Olivier Delecueillerie";
				TargetAttributes = {
					0905785A186DA30A0005308C = {
						TestTargetID = 0905783A186DA30A0005308C;
					};
				};
			};
			buildConfigurationList = 09057836186DA30A0005308C /* Build configuration list for PBXProject "coreDataStack" */;
			compatibilityVersion = "Xcode 3.2";
			developmentRegion = English;
			hasScannedForEncodings = 0;
			knownRegions = (
				en,
			);
			mainGroup = 09057832186DA30A0005308C;
			productRefGroup = 0905783C186DA30A0005308C /* Products */;
			projectDirPath = "";
			projectRoot = "";
			targets = (
				0905783A186DA30A0005308C /* coreDataStack */,
				0905785A186DA30A0005308C /* coreDataStackTests */,
			);
		};
/* End PBXProject section */

/* Begin PBXResourcesBuildPhase section */
		09057839186DA30A0005308C /* Resources */ = {
			isa = PBXResourcesBuildPhase;
			buildActionMask = 2147483647;
			files = (
				0905784B186DA30A0005308C /* InfoPlist.strings in Resources */,
				09057856186DA30A0005308C /* Images.xcassets in Resources */,
			);
			runOnlyForDeploymentPostprocessing = 0;
		};
		09057859186DA30A0005308C /* Resources */ = {
			isa = PBXResourcesBuildPhase;
			buildActionMask = 2147483647;
			files = (
				09057868186DA30A0005308C /* InfoPlist.strings in Resources */,
			);
			runOnlyForDeploymentPostprocessing = 0;
		};
/* End PBXResourcesBuildPhase section */

/* Begin PBXSourcesBuildPhase section */
		09057837186DA30A0005308C /* Sources */ = {
			isa = PBXSourcesBuildPhase;
			buildActionMask = 2147483647;
			files = (
				09057851186DA30A0005308C /* DBAppDelegate.m in Sources */,
				090C0DFA18A0F11400CE5E60 /* Kid.m in Sources */,
				090C0DFC18A0F11400CE5E60 /* Test.m in Sources */,
				090C0DFB18A0F11400CE5E60 /* Spelling.m in Sources */,
				0905784D186DA30A0005308C /* main.m in Sources */,
				09057875186DA43A0005308C /* DBCoreDataStack.m in Sources */,
				090C0DF818A0F11400CE5E60 /* DBCoreDataStack+HumanReadingEntities.m in Sources */,
				0905788A186DE31C0005308C /* menuCoreDataModel.xcdatamodeld in Sources */,
			);
			runOnlyForDeploymentPostprocessing = 0;
		};
		09057857186DA30A0005308C /* Sources */ = {
			isa = PBXSourcesBuildPhase;
			buildActionMask = 2147483647;
			files = (
				0905786A186DA30A0005308C /* coreDataStackTests.m in Sources */,
			);
			runOnlyForDeploymentPostprocessing = 0;
		};
/* End PBXSourcesBuildPhase section */

/* Begin PBXTargetDependency section */
		09057862186DA30A0005308C /* PBXTargetDependency */ = {
			isa = PBXTargetDependency;
			target = 0905783A186DA30A0005308C /* coreDataStack */;
			targetProxy = 09057861186DA30A0005308C /* PBXContainerItemProxy */;
		};
/* End PBXTargetDependency section */

/* Begin PBXVariantGroup section */
		09057849186DA30A0005308C /* InfoPlist.strings */ = {
			isa = PBXVariantGroup;
			children = (
				0905784A186DA30A0005308C /* en */,
			);
			name = InfoPlist.strings;
			sourceTree = "<group>";
		};
		09057866186DA30A0005308C /* InfoPlist.strings */ = {
			isa = PBXVariantGroup;
			children = (
				09057867186DA30A0005308C /* en */,
			);
			name = InfoPlist.strings;
			sourceTree = "<group>";
		};
/* End PBXVariantGroup section */

/* Begin XCBuildConfiguration section */
		0905786B186DA30A0005308C /* Debug */ = {
			isa = XCBuildConfiguration;
			buildSettings = {
				ALWAYS_SEARCH_USER_PATHS = NO;
				ARCHS = "$(ARCHS_STANDARD_INCLUDING_64_BIT)";
				CLANG_CXX_LANGUAGE_STANDARD = "gnu++0x";
				CLANG_CXX_LIBRARY = "libc++";
				CLANG_ENABLE_MODULES = YES;
				CLANG_ENABLE_OBJC_ARC = YES;
				CLANG_WARN_BOOL_CONVERSION = YES;
				CLANG_WARN_CONSTANT_CONVERSION = YES;
				CLANG_WARN_DIRECT_OBJC_ISA_USAGE = YES_ERROR;
				CLANG_WARN_EMPTY_BODY = YES;
				CLANG_WARN_ENUM_CONVERSION = YES;
				CLANG_WARN_INT_CONVERSION = YES;
				CLANG_WARN_OBJC_ROOT_CLASS = YES_ERROR;
				CLANG_WARN__DUPLICATE_METHOD_MATCH = YES;
				"CODE_SIGN_IDENTITY[sdk=iphoneos*]" = "iPhone Developer";
				COPY_PHASE_STRIP = NO;
				GCC_C_LANGUAGE_STANDARD = gnu99;
				GCC_DYNAMIC_NO_PIC = NO;
				GCC_OPTIMIZATION_LEVEL = 0;
				GCC_PREPROCESSOR_DEFINITIONS = (
					"DEBUG=1",
					"$(inherited)",
				);
				GCC_SYMBOLS_PRIVATE_EXTERN = NO;
				GCC_WARN_64_TO_32_BIT_CONVERSION = YES;
				GCC_WARN_ABOUT_RETURN_TYPE = YES_ERROR;
				GCC_WARN_UNDECLARED_SELECTOR = YES;
				GCC_WARN_UNINITIALIZED_AUTOS = YES;
				GCC_WARN_UNUSED_FUNCTION = YES;
				GCC_WARN_UNUSED_VARIABLE = YES;
				IPHONEOS_DEPLOYMENT_TARGET = 7.0;
				ONLY_ACTIVE_ARCH = YES;
				SDKROOT = iphoneos;
				TARGETED_DEVICE_FAMILY = "1,2";
			};
			name = Debug;
		};
		0905786C186DA30A0005308C /* Release */ = {
			isa = XCBuildConfiguration;
			buildSettings = {
				ALWAYS_SEARCH_USER_PATHS = NO;
				ARCHS = "$(ARCHS_STANDARD_INCLUDING_64_BIT)";
				CLANG_CXX_LANGUAGE_STANDARD = "gnu++0x";
				CLANG_CXX_LIBRARY = "libc++";
				CLANG_ENABLE_MODULES = YES;
				CLANG_ENABLE_OBJC_ARC = YES;
				CLANG_WARN_BOOL_CONVERSION = YES;
				CLANG_WARN_CONSTANT_CONVERSION = YES;
				CLANG_WARN_DIRECT_OBJC_ISA_USAGE = YES_ERROR;
				CLANG_WARN_EMPTY_BODY = YES;
				CLANG_WARN_ENUM_CONVERSION = YES;
				CLANG_WARN_INT_CONVERSION = YES;
				CLANG_WARN_OBJC_ROOT_CLASS = YES_ERROR;
				CLANG_WARN__DUPLICATE_METHOD_MATCH = YES;
				"CODE_SIGN_IDENTITY[sdk=iphoneos*]" = "iPhone Developer";
				COPY_PHASE_STRIP = YES;
				ENABLE_NS_ASSERTIONS = NO;
				GCC_C_LANGUAGE_STANDARD = gnu99;
				GCC_WARN_64_TO_32_BIT_CONVERSION = YES;
				GCC_WARN_ABOUT_RETURN_TYPE = YES_ERROR;
				GCC_WARN_UNDECLARED_SELECTOR = YES;
				GCC_WARN_UNINITIALIZED_AUTOS = YES;
				GCC_WARN_UNUSED_FUNCTION = YES;
				GCC_WARN_UNUSED_VARIABLE = YES;
				IPHONEOS_DEPLOYMENT_TARGET = 7.0;
				SDKROOT = iphoneos;
				TARGETED_DEVICE_FAMILY = "1,2";
				VALIDATE_PRODUCT = YES;
			};
			name = Release;
		};
		0905786E186DA30A0005308C /* Debug */ = {
			isa = XCBuildConfiguration;
			buildSettings = {
				ASSETCATALOG_COMPILER_APPICON_NAME = AppIcon;
				ASSETCATALOG_COMPILER_LAUNCHIMAGE_NAME = LaunchImage;
				GCC_PRECOMPILE_PREFIX_HEADER = YES;
				GCC_PREFIX_HEADER = "coreDataStack/coreDataStack-Prefix.pch";
				INFOPLIST_FILE = "coreDataStack/coreDataStack-Info.plist";
				PRODUCT_NAME = "$(TARGET_NAME)";
				WRAPPER_EXTENSION = app;
			};
			name = Debug;
		};
		0905786F186DA30A0005308C /* Release */ = {
			isa = XCBuildConfiguration;
			buildSettings = {
				ASSETCATALOG_COMPILER_APPICON_NAME = AppIcon;
				ASSETCATALOG_COMPILER_LAUNCHIMAGE_NAME = LaunchImage;
				GCC_PRECOMPILE_PREFIX_HEADER = YES;
				GCC_PREFIX_HEADER = "coreDataStack/coreDataStack-Prefix.pch";
				INFOPLIST_FILE = "coreDataStack/coreDataStack-Info.plist";
				PRODUCT_NAME = "$(TARGET_NAME)";
				WRAPPER_EXTENSION = app;
			};
			name = Release;
		};
		09057871186DA30A0005308C /* Debug */ = {
			isa = XCBuildConfiguration;
			buildSettings = {
				ARCHS = "$(ARCHS_STANDARD_INCLUDING_64_BIT)";
				BUNDLE_LOADER = "$(BUILT_PRODUCTS_DIR)/coreDataStack.app/coreDataStack";
				FRAMEWORK_SEARCH_PATHS = (
					"$(SDKROOT)/Developer/Library/Frameworks",
					"$(inherited)",
					"$(DEVELOPER_FRAMEWORKS_DIR)",
				);
				GCC_PRECOMPILE_PREFIX_HEADER = YES;
				GCC_PREFIX_HEADER = "coreDataStack/coreDataStack-Prefix.pch";
				GCC_PREPROCESSOR_DEFINITIONS = (
					"DEBUG=1",
					"$(inherited)",
				);
				INFOPLIST_FILE = "coreDataStackTests/coreDataStackTests-Info.plist";
				PRODUCT_NAME = "$(TARGET_NAME)";
				TEST_HOST = "$(BUNDLE_LOADER)";
				WRAPPER_EXTENSION = xctest;
			};
			name = Debug;
		};
		09057872186DA30A0005308C /* Release */ = {
			isa = XCBuildConfiguration;
			buildSettings = {
				ARCHS = "$(ARCHS_STANDARD_INCLUDING_64_BIT)";
				BUNDLE_LOADER = "$(BUILT_PRODUCTS_DIR)/coreDataStack.app/coreDataStack";
				FRAMEWORK_SEARCH_PATHS = (
					"$(SDKROOT)/Developer/Library/Frameworks",
					"$(inherited)",
					"$(DEVELOPER_FRAMEWORKS_DIR)",
				);
				GCC_PRECOMPILE_PREFIX_HEADER = YES;
				GCC_PREFIX_HEADER = "coreDataStack/coreDataStack-Prefix.pch";
				INFOPLIST_FILE = "coreDataStackTests/coreDataStackTests-Info.plist";
				PRODUCT_NAME = "$(TARGET_NAME)";
				TEST_HOST = "$(BUNDLE_LOADER)";
				WRAPPER_EXTENSION = xctest;
			};
			name = Release;
		};
/* End XCBuildConfiguration section */

/* Begin XCConfigurationList section */
		09057836186DA30A0005308C /* Build configuration list for PBXProject "coreDataStack" */ = {
			isa = XCConfigurationList;
			buildConfigurations = (
				0905786B186DA30A0005308C /* Debug */,
				0905786C186DA30A0005308C /* Release */,
			);
			defaultConfigurationIsVisible = 0;
			defaultConfigurationName = Release;
		};
		0905786D186DA30A0005308C /* Build configuration list for PBXNativeTarget "coreDataStack" */ = {
			isa = XCConfigurationList;
			buildConfigurations = (
				0905786E186DA30A0005308C /* Debug */,
				0905786F186DA30A0005308C /* Release */,
			);
			defaultConfigurationIsVisible = 0;
			defaultConfigurationName = Release;
		};
		09057870186DA30A0005308C /* Build configuration list for PBXNativeTarget "coreDataStackTests" */ = {
			isa = XCConfigurationList;
			buildConfigurations = (
				09057871186DA30A0005308C /* Debug */,
				09057872186DA30A0005308C /* Release */,
			);
			defaultConfigurationIsVisible = 0;
			defaultConfigurationName = Release;
		};
/* End XCConfigurationList section */

/* Begin XCVersionGroup section */
		09057888186DE31C0005308C /* menuCoreDataModel.xcdatamodeld */ = {
			isa = XCVersionGroup;
			children = (
				09057889186DE31C0005308C /* menuCoreDataModel.xcdatamodel */,
			);
			currentVersion = 09057889186DE31C0005308C /* menuCoreDataModel.xcdatamodel */;
			path = menuCoreDataModel.xcdatamodeld;
			sourceTree = "<group>";
			versionGroupType = wrapper.xcdatamodel;
		};
/* End XCVersionGroup section */
	};
	rootObject = 09057833186DA30A0005308C /* Project object */;
}
