// !$*UTF8*$!
{
	archiveVersion = 1;
	classes = {
	};
	objectVersion = 46;
	objects = {

/* Begin PBXBuildFile section */
		090B5B3219DA902C000A7493 /* SPWordTestList.h in Headers */ = {isa = PBXBuildFile; fileRef = 090B5B3019DA902C000A7493 /* SPWordTestList.h */; };
		090B5B3319DA902C000A7493 /* SPWordTestList.m in Sources */ = {isa = PBXBuildFile; fileRef = 090B5B3119DA902C000A7493 /* SPWordTestList.m */; };
		090B5B4219DD43A2000A7493 /* UIImage+medal.h in Headers */ = {isa = PBXBuildFile; fileRef = 090B5B4019DD43A2000A7493 /* UIImage+medal.h */; };
		090B5B4319DD43A2000A7493 /* UIImage+medal.m in Sources */ = {isa = PBXBuildFile; fileRef = 090B5B4119DD43A2000A7493 /* UIImage+medal.m */; };
		090BE69F18907F4000A1DE0C /* Foundation.framework in Frameworks */ = {isa = PBXBuildFile; fileRef = 090BE69E18907F4000A1DE0C /* Foundation.framework */; };
		090BE6A118907F4000A1DE0C /* CoreGraphics.framework in Frameworks */ = {isa = PBXBuildFile; fileRef = 090BE6A018907F4000A1DE0C /* CoreGraphics.framework */; };
		090BE6A318907F4000A1DE0C /* UIKit.framework in Frameworks */ = {isa = PBXBuildFile; fileRef = 090BE6A218907F4000A1DE0C /* UIKit.framework */; };
		090BE6A918907F4000A1DE0C /* InfoPlist.strings in Resources */ = {isa = PBXBuildFile; fileRef = 090BE6A718907F4000A1DE0C /* InfoPlist.strings */; };
		090BE6AB18907F4000A1DE0C /* main.m in Sources */ = {isa = PBXBuildFile; fileRef = 090BE6AA18907F4000A1DE0C /* main.m */; };
		090BE6AF18907F4000A1DE0C /* AppDelegate.m in Sources */ = {isa = PBXBuildFile; fileRef = 090BE6AE18907F4000A1DE0C /* AppDelegate.m */; };
		090BE6B518907F4100A1DE0C /* Main_iPad.storyboard in Resources */ = {isa = PBXBuildFile; fileRef = 090BE6B318907F4100A1DE0C /* Main_iPad.storyboard */; };
		090BE6BA18907F4100A1DE0C /* Images.xcassets in Resources */ = {isa = PBXBuildFile; fileRef = 090BE6B918907F4100A1DE0C /* Images.xcassets */; };
		090C0E7A18A3CC5E00CE5E60 /* wordCell.m in Sources */ = {isa = PBXBuildFile; fileRef = 090C0E7918A3CC5E00CE5E60 /* wordCell.m */; };
		090F238318A527480095F2E7 /* SPAWordTVC.m in Sources */ = {isa = PBXBuildFile; fileRef = 090F238218A527480095F2E7 /* SPAWordTVC.m */; };
		090F239518A8DDB80095F2E7 /* SPMenuVC.m in Sources */ = {isa = PBXBuildFile; fileRef = 090F239218A8DDB80095F2E7 /* SPMenuVC.m */; };
		090F239D18A984B50095F2E7 /* SPAKidVC.m in Sources */ = {isa = PBXBuildFile; fileRef = 090F239C18A984B50095F2E7 /* SPAKidVC.m */; };
		091489BE192142E10040F7C5 /* roundGreen.png in Resources */ = {isa = PBXBuildFile; fileRef = 091489BD192142E10040F7C5 /* roundGreen.png */; };
		091489C219216BEF0040F7C5 /* UIImage+resize.m in Sources */ = {isa = PBXBuildFile; fileRef = 091489C119216BEF0040F7C5 /* UIImage+resize.m */; };
		091489C5192176E90040F7C5 /* UIImageView+cornerRadius.m in Sources */ = {isa = PBXBuildFile; fileRef = 091489C4192176E90040F7C5 /* UIImageView+cornerRadius.m */; };
		09148ABF19252FBE0040F7C5 /* keyboardScrabble.png in Resources */ = {isa = PBXBuildFile; fileRef = 09148ABD19252FBE0040F7C5 /* keyboardScrabble.png */; };
		09148AC019252FBE0040F7C5 /* keyboardStandard.png in Resources */ = {isa = PBXBuildFile; fileRef = 09148ABE19252FBE0040F7C5 /* keyboardStandard.png */; };
		09148AC419255AE80040F7C5 /* level1.png in Resources */ = {isa = PBXBuildFile; fileRef = 09148AC119255AE80040F7C5 /* level1.png */; };
		09148AC519255AE80040F7C5 /* level2.png in Resources */ = {isa = PBXBuildFile; fileRef = 09148AC219255AE80040F7C5 /* level2.png */; };
		09148AC619255AE80040F7C5 /* level3.png in Resources */ = {isa = PBXBuildFile; fileRef = 09148AC319255AE80040F7C5 /* level3.png */; };
		09148ACC192565320040F7C5 /* SPKeyboardButton.m in Sources */ = {isa = PBXBuildFile; fileRef = 09148ACB192565320040F7C5 /* SPKeyboardButton.m */; };
		09148ACF19256B860040F7C5 /* SPLevelButton.m in Sources */ = {isa = PBXBuildFile; fileRef = 09148ACE19256B860040F7C5 /* SPLevelButton.m */; };
		0916BE2F18C63116007EF967 /* buttonAddList.png in Resources */ = {isa = PBXBuildFile; fileRef = 0916BE2E18C63116007EF967 /* buttonAddList.png */; };
		0916BE3718C64666007EF967 /* play.png in Resources */ = {isa = PBXBuildFile; fileRef = 0916BE3618C64666007EF967 /* play.png */; };
		0916BE3918C64926007EF967 /* next.png in Resources */ = {isa = PBXBuildFile; fileRef = 0916BE3818C64926007EF967 /* next.png */; };
		0916BE3B18C65328007EF967 /* previous.png in Resources */ = {isa = PBXBuildFile; fileRef = 0916BE3A18C65328007EF967 /* previous.png */; };
		09182F2A193CC2D400E93371 /* buttonBin.png in Resources */ = {isa = PBXBuildFile; fileRef = 09182F29193CC2D400E93371 /* buttonBin.png */; };
		09182F2E193DBD1500E93371 /* SPUtterance.m in Sources */ = {isa = PBXBuildFile; fileRef = 09182F2D193DBD1500E93371 /* SPUtterance.m */; };
		092250911999390C00D236AF /* Main_iPhone.storyboard in Resources */ = {isa = PBXBuildFile; fileRef = 092250901999390C00D236AF /* Main_iPhone.storyboard */; };
		092A416618D1B2D800382793 /* tabBarIcon_spelling.png in Resources */ = {isa = PBXBuildFile; fileRef = 092A416518D1B2D800382793 /* tabBarIcon_spelling.png */; };
		092A416818D1B58900382793 /* tabBarIcon_word.png in Resources */ = {isa = PBXBuildFile; fileRef = 092A416718D1B58900382793 /* tabBarIcon_word.png */; };
		092C3A041934C7CD00A6E2B6 /* segueFromMenuToTabBar.m in Sources */ = {isa = PBXBuildFile; fileRef = 092C3A031934C7CD00A6E2B6 /* segueFromMenuToTabBar.m */; };
		092C3A0A1935372200A6E2B6 /* SPPhonemeList.m in Sources */ = {isa = PBXBuildFile; fileRef = 092C3A091935372200A6E2B6 /* SPPhonemeList.m */; };
		092C3A0D1935389F00A6E2B6 /* SPPhoneme.m in Sources */ = {isa = PBXBuildFile; fileRef = 092C3A0C1935389F00A6E2B6 /* SPPhoneme.m */; };
		093AAD8718D10069005B8EA1 /* SPAnObject.m in Sources */ = {isa = PBXBuildFile; fileRef = 093AAD8618D10069005B8EA1 /* SPAnObject.m */; };
		0947544018F420DE00FBBAFC /* buttonPlay.png in Resources */ = {isa = PBXBuildFile; fileRef = 0947543518F420DE00FBBAFC /* buttonPlay.png */; };
		0947544218F420DE00FBBAFC /* buttonStop64.png in Resources */ = {isa = PBXBuildFile; fileRef = 0947543718F420DE00FBBAFC /* buttonStop64.png */; };
		0947544318F420DE00FBBAFC /* FDSoundActivatedRecorder.m in Sources */ = {isa = PBXBuildFile; fileRef = 0947543918F420DE00FBBAFC /* FDSoundActivatedRecorder.m */; };
		0947544418F420DE00FBBAFC /* microphone64.png in Resources */ = {isa = PBXBuildFile; fileRef = 0947543A18F420DE00FBBAFC /* microphone64.png */; };
		0947544518F420DE00FBBAFC /* microphone128.png in Resources */ = {isa = PBXBuildFile; fileRef = 0947543B18F420DE00FBBAFC /* microphone128.png */; };
		0947544618F420DE00FBBAFC /* MIMicrophoneUI.m in Sources */ = {isa = PBXBuildFile; fileRef = 0947543D18F420DE00FBBAFC /* MIMicrophoneUI.m */; };
		0947544718F420DE00FBBAFC /* MIViewController.m in Sources */ = {isa = PBXBuildFile; fileRef = 0947543F18F420DE00FBBAFC /* MIViewController.m */; };
		0947544B18F4210000FBBAFC /* Main.storyboard in Resources */ = {isa = PBXBuildFile; fileRef = 0947544918F4210000FBBAFC /* Main.storyboard */; };
		094ABF7B19387C300091283E /* SPPhonemeView.m in Sources */ = {isa = PBXBuildFile; fileRef = 094ABF7A19387C300091283E /* SPPhonemeView.m */; };
		094ABF83193884A00091283E /* SPPhonemeView.xib in Resources */ = {isa = PBXBuildFile; fileRef = 094ABF82193884A00091283E /* SPPhonemeView.xib */; };
		094ABF8519388B3A0091283E /* phonemeShape.png in Resources */ = {isa = PBXBuildFile; fileRef = 094ABF8419388B3A0091283E /* phonemeShape.png */; };
		094ABFA91938DAA30091283E /* SPAnObjectWithList.m in Sources */ = {isa = PBXBuildFile; fileRef = 094ABFA81938DAA30091283E /* SPAnObjectWithList.m */; };
		09514BEC19B0AD0C00FD651C /* spellingForMyKidsCoreDataModel.mom in Resources */ = {isa = PBXBuildFile; fileRef = 09514BEA19B0AD0C00FD651C /* spellingForMyKidsCoreDataModel.mom */; };
		09514BED19B0AD0C00FD651C /* VersionInfo.plist in Resources */ = {isa = PBXBuildFile; fileRef = 09514BEB19B0AD0C00FD651C /* VersionInfo.plist */; };
		09514BF819B745A900FD651C /* SPSpellingTestList.m in Sources */ = {isa = PBXBuildFile; fileRef = 09514BF719B745A900FD651C /* SPSpellingTestList.m */; };
		09514C0119B7C0B300FD651C /* SPSpellingTest.m in Sources */ = {isa = PBXBuildFile; fileRef = 09514C0019B7C0B300FD651C /* SPSpellingTest.m */; };
		0951F85919AAB1AF00FD651C /* libS4MKCoreDataStack.a in Frameworks */ = {isa = PBXBuildFile; fileRef = 0951F7A919A7F0F600FD651C /* libS4MKCoreDataStack.a */; };
		0955041C18B0953A00128B5B /* SPTestVC.m in Sources */ = {isa = PBXBuildFile; fileRef = 0955041B18B0953A00128B5B /* SPTestVC.m */; };
		095691F819127DEF00A5386F /* SPSpelling.m in Sources */ = {isa = PBXBuildFile; fileRef = 095691F719127DEF00A5386F /* SPSpelling.m */; };
		095691FE19139CEB00A5386F /* SPWordList.m in Sources */ = {isa = PBXBuildFile; fileRef = 095691FD19139CEB00A5386F /* SPWordList.m */; };
		095692011913A05100A5386F /* SPSpellingList.m in Sources */ = {isa = PBXBuildFile; fileRef = 095692001913A05100A5386F /* SPSpellingList.m */; };
		095692041913A54200A5386F /* SPKidList.m in Sources */ = {isa = PBXBuildFile; fileRef = 095692031913A54200A5386F /* SPKidList.m */; };
		0956920B19152A3A00A5386F /* SPObjectList.m in Sources */ = {isa = PBXBuildFile; fileRef = 0956920A19152A3A00A5386F /* SPObjectList.m */; };
		09569214191FA0B000A5386F /* navBarBackground.png in Resources */ = {isa = PBXBuildFile; fileRef = 09569213191FA0B000A5386F /* navBarBackground.png */; };
		09569217191FB13800A5386F /* Cursive standard.ttf in Resources */ = {isa = PBXBuildFile; fileRef = 09569216191FB13800A5386F /* Cursive standard.ttf */; };
		095C882F1907BA3200E85581 /* tabBarIcon_kids.png in Resources */ = {isa = PBXBuildFile; fileRef = 095C882E1907BA3200E85581 /* tabBarIcon_kids.png */; };
		096428CB19200786005DEB78 /* bonhommeVide.png in Resources */ = {isa = PBXBuildFile; fileRef = 096428CA19200786005DEB78 /* bonhommeVide.png */; };
		096428D21920DDED005DEB78 /* replay.png in Resources */ = {isa = PBXBuildFile; fileRef = 096428D11920DDED005DEB78 /* replay.png */; };
		09A86E7819A29AD90076212E /* buttonAddListToolBar.png in Resources */ = {isa = PBXBuildFile; fileRef = 09A86E7719A29AD90076212E /* buttonAddListToolBar.png */; };
		09ACA51519D34FAA00C22FA2 /* scrabbleKeyboard.xcassets in Resources */ = {isa = PBXBuildFile; fileRef = 09ACA51419D34FAA00C22FA2 /* scrabbleKeyboard.xcassets */; };
		09CC998E18FA890E00BA4238 /* photoPickerViewController.m in Sources */ = {isa = PBXBuildFile; fileRef = 09CC998D18FA890E00BA4238 /* photoPickerViewController.m */; };
		09D3F44119C2F6200026277A /* libS4MKKeyboard.a in Frameworks */ = {isa = PBXBuildFile; fileRef = 09D3F3FD19C1ACF00026277A /* libS4MKKeyboard.a */; };
		09D3F44219C2F6620026277A /* libsyncWithAFNetworkingLibrary.a in Frameworks */ = {isa = PBXBuildFile; fileRef = 092D2D3219546A19004661C2 /* libsyncWithAFNetworkingLibrary.a */; };
		09F054B618F8030F00C2FB42 /* photoPicker.storyboard in Resources */ = {isa = PBXBuildFile; fileRef = 09F054B018F8030F00C2FB42 /* photoPicker.storyboard */; };
		09F054B718F8030F00C2FB42 /* photoPicker.m in Sources */ = {isa = PBXBuildFile; fileRef = 09F054B218F8030F00C2FB42 /* photoPicker.m */; };
		09F054B818F8030F00C2FB42 /* camera.png in Resources */ = {isa = PBXBuildFile; fileRef = 09F054B318F8030F00C2FB42 /* camera.png */; };
		09F054B918F8030F00C2FB42 /* nothing.png in Resources */ = {isa = PBXBuildFile; fileRef = 09F054B418F8030F00C2FB42 /* nothing.png */; };
		09F054BA18F8030F00C2FB42 /* directory.png in Resources */ = {isa = PBXBuildFile; fileRef = 09F054B518F8030F00C2FB42 /* directory.png */; };
		09F9F562192F371E00953982 /* iconsResultGood.png in Resources */ = {isa = PBXBuildFile; fileRef = 09F9F560192F371E00953982 /* iconsResultGood.png */; };
		09F9F563192F371E00953982 /* iconsResultWrong.png in Resources */ = {isa = PBXBuildFile; fileRef = 09F9F561192F371E00953982 /* iconsResultWrong.png */; };
/* End PBXBuildFile section */

/* Begin PBXContainerItemProxy section */
		092D2D2F19546A19004661C2 /* PBXContainerItemProxy */ = {
			isa = PBXContainerItemProxy;
			containerPortal = 092D2D2919546A19004661C2 /* syncWithAFNetworking.xcodeproj */;
			proxyType = 2;
			remoteGlobalIDString = 097CFFAB183B5D1300F5FAFF;
			remoteInfo = syncWithAFNetworking;
		};
		092D2D3119546A19004661C2 /* PBXContainerItemProxy */ = {
			isa = PBXContainerItemProxy;
			containerPortal = 092D2D2919546A19004661C2 /* syncWithAFNetworking.xcodeproj */;
			proxyType = 2;
			remoteGlobalIDString = 092D2CE419542C44004661C2;
			remoteInfo = syncWithAFNetworkingLibrary;
		};
		09510C9319AAB90400FD651C /* PBXContainerItemProxy */ = {
			isa = PBXContainerItemProxy;
			containerPortal = 0951F7A119A7F0F600FD651C /* coreDataStack.xcodeproj */;
			proxyType = 1;
			remoteGlobalIDString = 094F9CAE19473B5D000215E8;
			remoteInfo = coreDataStackLibrairy;
		};
		09510C9519AAB90800FD651C /* PBXContainerItemProxy */ = {
			isa = PBXContainerItemProxy;
			containerPortal = 092D2D2919546A19004661C2 /* syncWithAFNetworking.xcodeproj */;
			proxyType = 1;
			remoteGlobalIDString = 092D2CE319542C44004661C2;
			remoteInfo = syncWithAFNetworkingLibrary;
		};
		0951F7A819A7F0F600FD651C /* PBXContainerItemProxy */ = {
			isa = PBXContainerItemProxy;
			containerPortal = 0951F7A119A7F0F600FD651C /* coreDataStack.xcodeproj */;
			proxyType = 2;
			remoteGlobalIDString = 094F9CAF19473B5D000215E8;
			remoteInfo = coreDataStackLibrairy;
		};
		09D3F3CE19C1AB430026277A /* PBXContainerItemProxy */ = {
			isa = PBXContainerItemProxy;
			containerPortal = 09D3F3C919C1AB430026277A /* scrabbleKeyboard.xcodeproj */;
			proxyType = 2;
			remoteGlobalIDString = 091489D119220DF00040F7C5;
			remoteInfo = scrabbleKeyboard;
		};
		09D3F3F819C1ACF00026277A /* PBXContainerItemProxy */ = {
			isa = PBXContainerItemProxy;
			containerPortal = 09D3F3C919C1AB430026277A /* scrabbleKeyboard.xcodeproj */;
			proxyType = 1;
			remoteGlobalIDString = 09D3F3D519C1AC9F0026277A;
			remoteInfo = S4MKKeyboard;
		};
		09D3F3FC19C1ACF00026277A /* PBXContainerItemProxy */ = {
			isa = PBXContainerItemProxy;
			containerPortal = 09D3F3C919C1AB430026277A /* scrabbleKeyboard.xcodeproj */;
			proxyType = 2;
			remoteGlobalIDString = 09D3F3D619C1AC9F0026277A;
			remoteInfo = S4MKKeyboard;
		};
/* End PBXContainerItemProxy section */

/* Begin PBXFileReference section */
		090B5B3019DA902C000A7493 /* SPWordTestList.h */ = {isa = PBXFileReference; fileEncoding = 4; lastKnownFileType = sourcecode.c.h; path = SPWordTestList.h; sourceTree = "<group>"; };
		090B5B3119DA902C000A7493 /* SPWordTestList.m */ = {isa = PBXFileReference; fileEncoding = 4; lastKnownFileType = sourcecode.c.objc; path = SPWordTestList.m; sourceTree = "<group>"; };
		090B5B4019DD43A2000A7493 /* UIImage+medal.h */ = {isa = PBXFileReference; fileEncoding = 4; lastKnownFileType = sourcecode.c.h; path = "UIImage+medal.h"; sourceTree = "<group>"; };
		090B5B4119DD43A2000A7493 /* UIImage+medal.m */ = {isa = PBXFileReference; fileEncoding = 4; lastKnownFileType = sourcecode.c.objc; path = "UIImage+medal.m"; sourceTree = "<group>"; };
		090BE69B18907F4000A1DE0C /* spellingForMyKids.app */ = {isa = PBXFileReference; explicitFileType = wrapper.application; includeInIndex = 0; path = spellingForMyKids.app; sourceTree = BUILT_PRODUCTS_DIR; };
		090BE69E18907F4000A1DE0C /* Foundation.framework */ = {isa = PBXFileReference; lastKnownFileType = wrapper.framework; name = Foundation.framework; path = System/Library/Frameworks/Foundation.framework; sourceTree = SDKROOT; };
		090BE6A018907F4000A1DE0C /* CoreGraphics.framework */ = {isa = PBXFileReference; lastKnownFileType = wrapper.framework; name = CoreGraphics.framework; path = System/Library/Frameworks/CoreGraphics.framework; sourceTree = SDKROOT; };
		090BE6A218907F4000A1DE0C /* UIKit.framework */ = {isa = PBXFileReference; lastKnownFileType = wrapper.framework; name = UIKit.framework; path = System/Library/Frameworks/UIKit.framework; sourceTree = SDKROOT; };
		090BE6A618907F4000A1DE0C /* spellingForMyKids-Info.plist */ = {isa = PBXFileReference; lastKnownFileType = text.plist.xml; path = "spellingForMyKids-Info.plist"; sourceTree = "<group>"; };
		090BE6A818907F4000A1DE0C /* en */ = {isa = PBXFileReference; lastKnownFileType = text.plist.strings; name = en; path = en.lproj/InfoPlist.strings; sourceTree = "<group>"; };
		090BE6AA18907F4000A1DE0C /* main.m */ = {isa = PBXFileReference; lastKnownFileType = sourcecode.c.objc; path = main.m; sourceTree = "<group>"; };
		090BE6AC18907F4000A1DE0C /* spellingForMyKids-Prefix.pch */ = {isa = PBXFileReference; lastKnownFileType = sourcecode.c.h; path = "spellingForMyKids-Prefix.pch"; sourceTree = "<group>"; };
		090BE6AD18907F4000A1DE0C /* AppDelegate.h */ = {isa = PBXFileReference; lastKnownFileType = sourcecode.c.h; path = AppDelegate.h; sourceTree = "<group>"; };
		090BE6AE18907F4000A1DE0C /* AppDelegate.m */ = {isa = PBXFileReference; lastKnownFileType = sourcecode.c.objc; path = AppDelegate.m; sourceTree = "<group>"; };
		090BE6B418907F4100A1DE0C /* Base */ = {isa = PBXFileReference; lastKnownFileType = file.storyboard; name = Base; path = Base.lproj/Main_iPad.storyboard; sourceTree = "<group>"; };
		090BE6B918907F4100A1DE0C /* Images.xcassets */ = {isa = PBXFileReference; lastKnownFileType = folder.assetcatalog; path = Images.xcassets; sourceTree = "<group>"; };
		090BE6C018907F4100A1DE0C /* XCTest.framework */ = {isa = PBXFileReference; lastKnownFileType = wrapper.framework; name = XCTest.framework; path = Library/Frameworks/XCTest.framework; sourceTree = DEVELOPER_DIR; };
		090BE6C818907F4100A1DE0C /* spellingForMyKidsTests-Info.plist */ = {isa = PBXFileReference; lastKnownFileType = text.plist.xml; path = "spellingForMyKidsTests-Info.plist"; sourceTree = "<group>"; };
		090BE6CA18907F4100A1DE0C /* en */ = {isa = PBXFileReference; lastKnownFileType = text.plist.strings; name = en; path = en.lproj/InfoPlist.strings; sourceTree = "<group>"; };
		090BE6CC18907F4100A1DE0C /* spellingForMyKidsTests.m */ = {isa = PBXFileReference; lastKnownFileType = sourcecode.c.objc; path = spellingForMyKidsTests.m; sourceTree = "<group>"; };
		090C0E7818A3CC5E00CE5E60 /* wordCell.h */ = {isa = PBXFileReference; fileEncoding = 4; lastKnownFileType = sourcecode.c.h; path = wordCell.h; sourceTree = "<group>"; };
		090C0E7918A3CC5E00CE5E60 /* wordCell.m */ = {isa = PBXFileReference; fileEncoding = 4; lastKnownFileType = sourcecode.c.objc; path = wordCell.m; sourceTree = "<group>"; };
		090F238118A527480095F2E7 /* SPAWordTVC.h */ = {isa = PBXFileReference; fileEncoding = 4; lastKnownFileType = sourcecode.c.h; path = SPAWordTVC.h; sourceTree = "<group>"; };
		090F238218A527480095F2E7 /* SPAWordTVC.m */ = {isa = PBXFileReference; fileEncoding = 4; lastKnownFileType = sourcecode.c.objc; path = SPAWordTVC.m; sourceTree = "<group>"; };
		090F239218A8DDB80095F2E7 /* SPMenuVC.m */ = {isa = PBXFileReference; fileEncoding = 4; lastKnownFileType = sourcecode.c.objc; path = SPMenuVC.m; sourceTree = "<group>"; };
		090F239418A8DDB80095F2E7 /* SPMenuVC.h */ = {isa = PBXFileReference; fileEncoding = 4; lastKnownFileType = sourcecode.c.h; path = SPMenuVC.h; sourceTree = "<group>"; };
		090F239B18A984B50095F2E7 /* SPAKidVC.h */ = {isa = PBXFileReference; fileEncoding = 4; lastKnownFileType = sourcecode.c.h; path = SPAKidVC.h; sourceTree = "<group>"; };
		090F239C18A984B50095F2E7 /* SPAKidVC.m */ = {isa = PBXFileReference; fileEncoding = 4; lastKnownFileType = sourcecode.c.objc; path = SPAKidVC.m; sourceTree = "<group>"; };
		091489BD192142E10040F7C5 /* roundGreen.png */ = {isa = PBXFileReference; lastKnownFileType = image.png; name = roundGreen.png; path = media/roundGreen.png; sourceTree = SOURCE_ROOT; };
		091489C019216BEF0040F7C5 /* UIImage+resize.h */ = {isa = PBXFileReference; fileEncoding = 4; lastKnownFileType = sourcecode.c.h; path = "UIImage+resize.h"; sourceTree = "<group>"; };
		091489C119216BEF0040F7C5 /* UIImage+resize.m */ = {isa = PBXFileReference; fileEncoding = 4; lastKnownFileType = sourcecode.c.objc; path = "UIImage+resize.m"; sourceTree = "<group>"; };
		091489C3192176E90040F7C5 /* UIImageView+cornerRadius.h */ = {isa = PBXFileReference; fileEncoding = 4; lastKnownFileType = sourcecode.c.h; path = "UIImageView+cornerRadius.h"; sourceTree = "<group>"; };
		091489C4192176E90040F7C5 /* UIImageView+cornerRadius.m */ = {isa = PBXFileReference; fileEncoding = 4; lastKnownFileType = sourcecode.c.objc; path = "UIImageView+cornerRadius.m"; sourceTree = "<group>"; };
		09148ABD19252FBE0040F7C5 /* keyboardScrabble.png */ = {isa = PBXFileReference; lastKnownFileType = image.png; name = keyboardScrabble.png; path = media/keyboardScrabble.png; sourceTree = SOURCE_ROOT; };
		09148ABE19252FBE0040F7C5 /* keyboardStandard.png */ = {isa = PBXFileReference; lastKnownFileType = image.png; name = keyboardStandard.png; path = media/keyboardStandard.png; sourceTree = SOURCE_ROOT; };
		09148AC119255AE80040F7C5 /* level1.png */ = {isa = PBXFileReference; lastKnownFileType = image.png; name = level1.png; path = media/level1.png; sourceTree = SOURCE_ROOT; };
		09148AC219255AE80040F7C5 /* level2.png */ = {isa = PBXFileReference; lastKnownFileType = image.png; name = level2.png; path = media/level2.png; sourceTree = SOURCE_ROOT; };
		09148AC319255AE80040F7C5 /* level3.png */ = {isa = PBXFileReference; lastKnownFileType = image.png; name = level3.png; path = media/level3.png; sourceTree = SOURCE_ROOT; };
		09148ACA192565320040F7C5 /* SPKeyboardButton.h */ = {isa = PBXFileReference; fileEncoding = 4; lastKnownFileType = sourcecode.c.h; path = SPKeyboardButton.h; sourceTree = "<group>"; };
		09148ACB192565320040F7C5 /* SPKeyboardButton.m */ = {isa = PBXFileReference; fileEncoding = 4; lastKnownFileType = sourcecode.c.objc; path = SPKeyboardButton.m; sourceTree = "<group>"; };
		09148ACD19256B860040F7C5 /* SPLevelButton.h */ = {isa = PBXFileReference; fileEncoding = 4; lastKnownFileType = sourcecode.c.h; path = SPLevelButton.h; sourceTree = "<group>"; };
		09148ACE19256B860040F7C5 /* SPLevelButton.m */ = {isa = PBXFileReference; fileEncoding = 4; lastKnownFileType = sourcecode.c.objc; path = SPLevelButton.m; sourceTree = "<group>"; };
		0916BE2E18C63116007EF967 /* buttonAddList.png */ = {isa = PBXFileReference; lastKnownFileType = image.png; name = buttonAddList.png; path = media/buttonAddList.png; sourceTree = SOURCE_ROOT; };
		0916BE3618C64666007EF967 /* play.png */ = {isa = PBXFileReference; lastKnownFileType = image.png; name = play.png; path = media/play.png; sourceTree = SOURCE_ROOT; };
		0916BE3818C64926007EF967 /* next.png */ = {isa = PBXFileReference; lastKnownFileType = image.png; name = next.png; path = media/next.png; sourceTree = SOURCE_ROOT; };
		0916BE3A18C65328007EF967 /* previous.png */ = {isa = PBXFileReference; lastKnownFileType = image.png; name = previous.png; path = media/previous.png; sourceTree = SOURCE_ROOT; };
		09182F29193CC2D400E93371 /* buttonBin.png */ = {isa = PBXFileReference; lastKnownFileType = image.png; name = buttonBin.png; path = media/buttonBin.png; sourceTree = "<group>"; };
		09182F2C193DBD1500E93371 /* SPUtterance.h */ = {isa = PBXFileReference; fileEncoding = 4; lastKnownFileType = sourcecode.c.h; path = SPUtterance.h; sourceTree = "<group>"; };
		09182F2D193DBD1500E93371 /* SPUtterance.m */ = {isa = PBXFileReference; fileEncoding = 4; lastKnownFileType = sourcecode.c.objc; path = SPUtterance.m; sourceTree = "<group>"; };
		092250901999390C00D236AF /* Main_iPhone.storyboard */ = {isa = PBXFileReference; fileEncoding = 4; lastKnownFileType = file.storyboard; path = Main_iPhone.storyboard; sourceTree = "<group>"; };
		092A416518D1B2D800382793 /* tabBarIcon_spelling.png */ = {isa = PBXFileReference; lastKnownFileType = image.png; name = tabBarIcon_spelling.png; path = media/tabBarIcon_spelling.png; sourceTree = SOURCE_ROOT; };
		092A416718D1B58900382793 /* tabBarIcon_word.png */ = {isa = PBXFileReference; lastKnownFileType = image.png; name = tabBarIcon_word.png; path = media/tabBarIcon_word.png; sourceTree = SOURCE_ROOT; };
		092C3A021934C7CD00A6E2B6 /* segueFromMenuToTabBar.h */ = {isa = PBXFileReference; fileEncoding = 4; lastKnownFileType = sourcecode.c.h; path = segueFromMenuToTabBar.h; sourceTree = "<group>"; };
		092C3A031934C7CD00A6E2B6 /* segueFromMenuToTabBar.m */ = {isa = PBXFileReference; fileEncoding = 4; lastKnownFileType = sourcecode.c.objc; path = segueFromMenuToTabBar.m; sourceTree = "<group>"; };
		092C3A081935372200A6E2B6 /* SPPhonemeList.h */ = {isa = PBXFileReference; fileEncoding = 4; lastKnownFileType = sourcecode.c.h; path = SPPhonemeList.h; sourceTree = "<group>"; };
		092C3A091935372200A6E2B6 /* SPPhonemeList.m */ = {isa = PBXFileReference; fileEncoding = 4; lastKnownFileType = sourcecode.c.objc; path = SPPhonemeList.m; sourceTree = "<group>"; };
		092C3A0B1935389F00A6E2B6 /* SPPhoneme.h */ = {isa = PBXFileReference; fileEncoding = 4; lastKnownFileType = sourcecode.c.h; path = SPPhoneme.h; sourceTree = "<group>"; };
		092C3A0C1935389F00A6E2B6 /* SPPhoneme.m */ = {isa = PBXFileReference; fileEncoding = 4; lastKnownFileType = sourcecode.c.objc; path = SPPhoneme.m; sourceTree = "<group>"; };
		092D2CD719539FEC004661C2 /* APIKey.h */ = {isa = PBXFileReference; fileEncoding = 4; lastKnownFileType = sourcecode.c.h; name = APIKey.h; path = ../APIKey.h; sourceTree = "<group>"; };
		092D2D2919546A19004661C2 /* syncWithAFNetworking.xcodeproj */ = {isa = PBXFileReference; lastKnownFileType = "wrapper.pb-project"; name = syncWithAFNetworking.xcodeproj; path = ../syncWithWebServices/iOS/syncWithAFNetworking/syncWithAFNetworking.xcodeproj; sourceTree = "<group>"; };
		093AAD8518D10069005B8EA1 /* SPAnObject.h */ = {isa = PBXFileReference; fileEncoding = 4; lastKnownFileType = sourcecode.c.h; path = SPAnObject.h; sourceTree = "<group>"; };
		093AAD8618D10069005B8EA1 /* SPAnObject.m */ = {isa = PBXFileReference; fileEncoding = 4; lastKnownFileType = sourcecode.c.objc; path = SPAnObject.m; sourceTree = "<group>"; };
		0947543518F420DE00FBBAFC /* buttonPlay.png */ = {isa = PBXFileReference; lastKnownFileType = image.png; name = buttonPlay.png; path = addOn/tinyMicrophone/microphone/buttonPlay.png; sourceTree = "<group>"; };
		0947543718F420DE00FBBAFC /* buttonStop64.png */ = {isa = PBXFileReference; lastKnownFileType = image.png; name = buttonStop64.png; path = addOn/tinyMicrophone/microphone/buttonStop64.png; sourceTree = "<group>"; };
		0947543818F420DE00FBBAFC /* FDSoundActivatedRecorder.h */ = {isa = PBXFileReference; fileEncoding = 4; lastKnownFileType = sourcecode.c.h; name = FDSoundActivatedRecorder.h; path = addOn/tinyMicrophone/microphone/FDSoundActivatedRecorder.h; sourceTree = "<group>"; };
		0947543918F420DE00FBBAFC /* FDSoundActivatedRecorder.m */ = {isa = PBXFileReference; fileEncoding = 4; lastKnownFileType = sourcecode.c.objc; name = FDSoundActivatedRecorder.m; path = addOn/tinyMicrophone/microphone/FDSoundActivatedRecorder.m; sourceTree = "<group>"; };
		0947543A18F420DE00FBBAFC /* microphone64.png */ = {isa = PBXFileReference; lastKnownFileType = image.png; name = microphone64.png; path = addOn/tinyMicrophone/microphone/microphone64.png; sourceTree = "<group>"; };
		0947543B18F420DE00FBBAFC /* microphone128.png */ = {isa = PBXFileReference; lastKnownFileType = image.png; name = microphone128.png; path = addOn/tinyMicrophone/microphone/microphone128.png; sourceTree = "<group>"; };
		0947543C18F420DE00FBBAFC /* MIMicrophoneUI.h */ = {isa = PBXFileReference; fileEncoding = 4; lastKnownFileType = sourcecode.c.h; name = MIMicrophoneUI.h; path = addOn/tinyMicrophone/microphone/MIMicrophoneUI.h; sourceTree = "<group>"; };
		0947543D18F420DE00FBBAFC /* MIMicrophoneUI.m */ = {isa = PBXFileReference; fileEncoding = 4; lastKnownFileType = sourcecode.c.objc; name = MIMicrophoneUI.m; path = addOn/tinyMicrophone/microphone/MIMicrophoneUI.m; sourceTree = "<group>"; };
		0947543E18F420DE00FBBAFC /* MIViewController.h */ = {isa = PBXFileReference; fileEncoding = 4; lastKnownFileType = sourcecode.c.h; name = MIViewController.h; path = addOn/tinyMicrophone/microphone/MIViewController.h; sourceTree = "<group>"; };
		0947543F18F420DE00FBBAFC /* MIViewController.m */ = {isa = PBXFileReference; fileEncoding = 4; lastKnownFileType = sourcecode.c.objc; name = MIViewController.m; path = addOn/tinyMicrophone/microphone/MIViewController.m; sourceTree = "<group>"; };
		0947544A18F4210000FBBAFC /* Base */ = {isa = PBXFileReference; lastKnownFileType = file.storyboard; name = Base; path = addOn/tinyMicrophone/microphone/Base.lproj/Main.storyboard; sourceTree = "<group>"; };
		094ABF7919387C300091283E /* SPPhonemeView.h */ = {isa = PBXFileReference; fileEncoding = 4; lastKnownFileType = sourcecode.c.h; path = SPPhonemeView.h; sourceTree = "<group>"; };
		094ABF7A19387C300091283E /* SPPhonemeView.m */ = {isa = PBXFileReference; fileEncoding = 4; lastKnownFileType = sourcecode.c.objc; path = SPPhonemeView.m; sourceTree = "<group>"; };
		094ABF82193884A00091283E /* SPPhonemeView.xib */ = {isa = PBXFileReference; fileEncoding = 4; lastKnownFileType = file.xib; path = SPPhonemeView.xib; sourceTree = "<group>"; };
		094ABF8419388B3A0091283E /* phonemeShape.png */ = {isa = PBXFileReference; lastKnownFileType = image.png; name = phonemeShape.png; path = media/phonemeShape.png; sourceTree = SOURCE_ROOT; };
		094ABFA71938DAA30091283E /* SPAnObjectWithList.h */ = {isa = PBXFileReference; fileEncoding = 4; lastKnownFileType = sourcecode.c.h; path = SPAnObjectWithList.h; sourceTree = "<group>"; };
		094ABFA81938DAA30091283E /* SPAnObjectWithList.m */ = {isa = PBXFileReference; fileEncoding = 4; lastKnownFileType = sourcecode.c.objc; path = SPAnObjectWithList.m; sourceTree = "<group>"; };
		09510C8519AAB7B100FD651C /* CoreData.framework */ = {isa = PBXFileReference; lastKnownFileType = wrapper.framework; name = CoreData.framework; path = System/Library/Frameworks/CoreData.framework; sourceTree = SDKROOT; };
		09514BEA19B0AD0C00FD651C /* spellingForMyKidsCoreDataModel.mom */ = {isa = PBXFileReference; lastKnownFileType = file.bplist; path = spellingForMyKidsCoreDataModel.mom; sourceTree = "<group>"; };
		09514BEB19B0AD0C00FD651C /* VersionInfo.plist */ = {isa = PBXFileReference; lastKnownFileType = file.bplist; path = VersionInfo.plist; sourceTree = "<group>"; };
		09514BF619B745A900FD651C /* SPSpellingTestList.h */ = {isa = PBXFileReference; fileEncoding = 4; lastKnownFileType = sourcecode.c.h; path = SPSpellingTestList.h; sourceTree = "<group>"; };
		09514BF719B745A900FD651C /* SPSpellingTestList.m */ = {isa = PBXFileReference; fileEncoding = 4; lastKnownFileType = sourcecode.c.objc; path = SPSpellingTestList.m; sourceTree = "<group>"; };
		09514BFF19B7C0B300FD651C /* SPSpellingTest.h */ = {isa = PBXFileReference; fileEncoding = 4; lastKnownFileType = sourcecode.c.h; path = SPSpellingTest.h; sourceTree = "<group>"; };
		09514C0019B7C0B300FD651C /* SPSpellingTest.m */ = {isa = PBXFileReference; fileEncoding = 4; lastKnownFileType = sourcecode.c.objc; path = SPSpellingTest.m; sourceTree = "<group>"; };
		0951F7A119A7F0F600FD651C /* coreDataStack.xcodeproj */ = {isa = PBXFileReference; lastKnownFileType = "wrapper.pb-project"; name = coreDataStack.xcodeproj; path = ../coreDataStack/iOS/coreDataStack/coreDataStack.xcodeproj; sourceTree = "<group>"; };
		0955041A18B0953A00128B5B /* SPTestVC.h */ = {isa = PBXFileReference; fileEncoding = 4; lastKnownFileType = sourcecode.c.h; path = SPTestVC.h; sourceTree = "<group>"; };
		0955041B18B0953A00128B5B /* SPTestVC.m */ = {isa = PBXFileReference; fileEncoding = 4; lastKnownFileType = sourcecode.c.objc; path = SPTestVC.m; sourceTree = "<group>"; };
		095691F419127D4C00A5386F /* SPSpelling.h */ = {isa = PBXFileReference; fileEncoding = 4; lastKnownFileType = sourcecode.c.h; path = SPSpelling.h; sourceTree = "<group>"; };
		095691F719127DEF00A5386F /* SPSpelling.m */ = {isa = PBXFileReference; fileEncoding = 4; lastKnownFileType = sourcecode.c.objc; path = SPSpelling.m; sourceTree = "<group>"; };
		095691FC19139CE200A5386F /* SPWordList.h */ = {isa = PBXFileReference; fileEncoding = 4; lastKnownFileType = sourcecode.c.h; path = SPWordList.h; sourceTree = "<group>"; };
		095691FD19139CEB00A5386F /* SPWordList.m */ = {isa = PBXFileReference; fileEncoding = 4; lastKnownFileType = sourcecode.c.objc; path = SPWordList.m; sourceTree = "<group>"; };
		095691FF1913A04300A5386F /* SPSpellingList.h */ = {isa = PBXFileReference; fileEncoding = 4; lastKnownFileType = sourcecode.c.h; path = SPSpellingList.h; sourceTree = "<group>"; };
		095692001913A05100A5386F /* SPSpellingList.m */ = {isa = PBXFileReference; fileEncoding = 4; lastKnownFileType = sourcecode.c.objc; path = SPSpellingList.m; sourceTree = "<group>"; };
		095692021913A53700A5386F /* SPKidList.h */ = {isa = PBXFileReference; fileEncoding = 4; lastKnownFileType = sourcecode.c.h; path = SPKidList.h; sourceTree = "<group>"; };
		095692031913A54200A5386F /* SPKidList.m */ = {isa = PBXFileReference; fileEncoding = 4; lastKnownFileType = sourcecode.c.objc; path = SPKidList.m; sourceTree = "<group>"; };
		0956920919152A2100A5386F /* SPObjectList.h */ = {isa = PBXFileReference; fileEncoding = 4; lastKnownFileType = sourcecode.c.h; path = SPObjectList.h; sourceTree = "<group>"; };
		0956920A19152A3A00A5386F /* SPObjectList.m */ = {isa = PBXFileReference; fileEncoding = 4; lastKnownFileType = sourcecode.c.objc; path = SPObjectList.m; sourceTree = "<group>"; };
		09569213191FA0B000A5386F /* navBarBackground.png */ = {isa = PBXFileReference; lastKnownFileType = image.png; name = navBarBackground.png; path = media/navBarBackground.png; sourceTree = SOURCE_ROOT; };
		09569216191FB13800A5386F /* Cursive standard.ttf */ = {isa = PBXFileReference; lastKnownFileType = file; path = "Cursive standard.ttf"; sourceTree = "<group>"; };
		095C882E1907BA3200E85581 /* tabBarIcon_kids.png */ = {isa = PBXFileReference; lastKnownFileType = image.png; name = tabBarIcon_kids.png; path = media/tabBarIcon_kids.png; sourceTree = SOURCE_ROOT; };
		096428CA19200786005DEB78 /* bonhommeVide.png */ = {isa = PBXFileReference; lastKnownFileType = image.png; name = bonhommeVide.png; path = media/bonhommeVide.png; sourceTree = SOURCE_ROOT; };
		096428D11920DDED005DEB78 /* replay.png */ = {isa = PBXFileReference; lastKnownFileType = image.png; name = replay.png; path = media/replay.png; sourceTree = SOURCE_ROOT; };
		09A86E7719A29AD90076212E /* buttonAddListToolBar.png */ = {isa = PBXFileReference; lastKnownFileType = image.png; name = buttonAddListToolBar.png; path = media/buttonAddListToolBar.png; sourceTree = SOURCE_ROOT; };
		09ACA51419D34FAA00C22FA2 /* scrabbleKeyboard.xcassets */ = {isa = PBXFileReference; lastKnownFileType = folder.assetcatalog; name = scrabbleKeyboard.xcassets; path = ../../scrabbleKeyboard/scrabbleKeyboard/scrabbleKeyboard.xcassets; sourceTree = "<group>"; };
		09CC998C18FA890E00BA4238 /* photoPickerViewController.h */ = {isa = PBXFileReference; fileEncoding = 4; lastKnownFileType = sourcecode.c.h; name = photoPickerViewController.h; path = addOn/photoPicker/writingTool/photoPicker/photoPickerViewController.h; sourceTree = "<group>"; };
		09CC998D18FA890E00BA4238 /* photoPickerViewController.m */ = {isa = PBXFileReference; fileEncoding = 4; lastKnownFileType = sourcecode.c.objc; name = photoPickerViewController.m; path = addOn/photoPicker/writingTool/photoPicker/photoPickerViewController.m; sourceTree = "<group>"; };
		09D3F3C919C1AB430026277A /* scrabbleKeyboard.xcodeproj */ = {isa = PBXFileReference; lastKnownFileType = "wrapper.pb-project"; name = scrabbleKeyboard.xcodeproj; path = ../scrabbleKeyboard/scrabbleKeyboard.xcodeproj; sourceTree = "<group>"; };
		09F054B018F8030F00C2FB42 /* photoPicker.storyboard */ = {isa = PBXFileReference; fileEncoding = 4; lastKnownFileType = file.storyboard; name = photoPicker.storyboard; path = addOn/photoPicker/writingTool/photoPicker/photoPicker.storyboard; sourceTree = "<group>"; };
		09F054B118F8030F00C2FB42 /* photoPicker.h */ = {isa = PBXFileReference; fileEncoding = 4; lastKnownFileType = sourcecode.c.h; name = photoPicker.h; path = addOn/photoPicker/writingTool/photoPicker/photoPicker.h; sourceTree = "<group>"; };
		09F054B218F8030F00C2FB42 /* photoPicker.m */ = {isa = PBXFileReference; fileEncoding = 4; lastKnownFileType = sourcecode.c.objc; name = photoPicker.m; path = addOn/photoPicker/writingTool/photoPicker/photoPicker.m; sourceTree = "<group>"; };
		09F054B318F8030F00C2FB42 /* camera.png */ = {isa = PBXFileReference; lastKnownFileType = image.png; name = camera.png; path = addOn/photoPicker/writingTool/photoPicker/camera.png; sourceTree = "<group>"; };
		09F054B418F8030F00C2FB42 /* nothing.png */ = {isa = PBXFileReference; lastKnownFileType = image.png; name = nothing.png; path = addOn/photoPicker/writingTool/photoPicker/nothing.png; sourceTree = "<group>"; };
		09F054B518F8030F00C2FB42 /* directory.png */ = {isa = PBXFileReference; lastKnownFileType = image.png; name = directory.png; path = addOn/photoPicker/writingTool/photoPicker/directory.png; sourceTree = "<group>"; };
		09F9F560192F371E00953982 /* iconsResultGood.png */ = {isa = PBXFileReference; lastKnownFileType = image.png; name = iconsResultGood.png; path = media/iconsResultGood.png; sourceTree = SOURCE_ROOT; };
		09F9F561192F371E00953982 /* iconsResultWrong.png */ = {isa = PBXFileReference; lastKnownFileType = image.png; name = iconsResultWrong.png; path = media/iconsResultWrong.png; sourceTree = SOURCE_ROOT; };
/* End PBXFileReference section */

/* Begin PBXFrameworksBuildPhase section */
		090BE69818907F4000A1DE0C /* Frameworks */ = {
			isa = PBXFrameworksBuildPhase;
			buildActionMask = 2147483647;
			files = (
				09D3F44219C2F6620026277A /* libsyncWithAFNetworkingLibrary.a in Frameworks */,
				09D3F44119C2F6200026277A /* libS4MKKeyboard.a in Frameworks */,
				0951F85919AAB1AF00FD651C /* libS4MKCoreDataStack.a in Frameworks */,
				090BE6A118907F4000A1DE0C /* CoreGraphics.framework in Frameworks */,
				090BE6A318907F4000A1DE0C /* UIKit.framework in Frameworks */,
				090BE69F18907F4000A1DE0C /* Foundation.framework in Frameworks */,
			);
			runOnlyForDeploymentPostprocessing = 0;
		};
/* End PBXFrameworksBuildPhase section */

/* Begin PBXGroup section */
		090BE69218907F4000A1DE0C = {
			isa = PBXGroup;
			children = (
				09514BE919B0AD0C00FD651C /* spellingForMyKidsCoreDataModel.momd */,
				092D2CD719539FEC004661C2 /* APIKey.h */,
				0951F7A119A7F0F600FD651C /* coreDataStack.xcodeproj */,
				092D2D2919546A19004661C2 /* syncWithAFNetworking.xcodeproj */,
				09D3F3C919C1AB430026277A /* scrabbleKeyboard.xcodeproj */,
				0962E82F1896940D005A9A9F /* addOn */,
				090BE6A418907F4000A1DE0C /* spellingForMyKids */,
				090BE6C618907F4100A1DE0C /* spellingForMyKidsTests */,
				090BE69D18907F4000A1DE0C /* Frameworks */,
				090BE69C18907F4000A1DE0C /* Products */,
			);
			sourceTree = "<group>";
		};
		090BE69C18907F4000A1DE0C /* Products */ = {
			isa = PBXGroup;
			children = (
				090BE69B18907F4000A1DE0C /* spellingForMyKids.app */,
			);
			name = Products;
			sourceTree = "<group>";
		};
		090BE69D18907F4000A1DE0C /* Frameworks */ = {
			isa = PBXGroup;
			children = (
				09510C8519AAB7B100FD651C /* CoreData.framework */,
				090BE69E18907F4000A1DE0C /* Foundation.framework */,
				090BE6A018907F4000A1DE0C /* CoreGraphics.framework */,
				090BE6A218907F4000A1DE0C /* UIKit.framework */,
				090BE6C018907F4100A1DE0C /* XCTest.framework */,
			);
			name = Frameworks;
			sourceTree = "<group>";
		};
		090BE6A418907F4000A1DE0C /* spellingForMyKids */ = {
			isa = PBXGroup;
			children = (
				09148AD1192579B30040F7C5 /* controller */,
				09148AC9192564DD0040F7C5 /* view */,
				0932614119C049EA00C4DD53 /* segue */,
				090BE6B318907F4100A1DE0C /* Main_iPad.storyboard */,
				092250901999390C00D236AF /* Main_iPhone.storyboard */,
				090BE6B918907F4100A1DE0C /* Images.xcassets */,
				09ACA51419D34FAA00C22FA2 /* scrabbleKeyboard.xcassets */,
				090BE6AD18907F4000A1DE0C /* AppDelegate.h */,
				090BE6AE18907F4000A1DE0C /* AppDelegate.m */,
				090BE6E31891386C00A1DE0C /* media */,
				090BE6A518907F4000A1DE0C /* Supporting Files */,
			);
			path = spellingForMyKids;
			sourceTree = "<group>";
		};
		090BE6A518907F4000A1DE0C /* Supporting Files */ = {
			isa = PBXGroup;
			children = (
				090BE6A618907F4000A1DE0C /* spellingForMyKids-Info.plist */,
				090BE6A718907F4000A1DE0C /* InfoPlist.strings */,
				090BE6AA18907F4000A1DE0C /* main.m */,
				090BE6AC18907F4000A1DE0C /* spellingForMyKids-Prefix.pch */,
			);
			name = "Supporting Files";
			sourceTree = "<group>";
		};
		090BE6C618907F4100A1DE0C /* spellingForMyKidsTests */ = {
			isa = PBXGroup;
			children = (
				090BE6CC18907F4100A1DE0C /* spellingForMyKidsTests.m */,
				090BE6C718907F4100A1DE0C /* Supporting Files */,
			);
			path = spellingForMyKidsTests;
			sourceTree = "<group>";
		};
		090BE6C718907F4100A1DE0C /* Supporting Files */ = {
			isa = PBXGroup;
			children = (
				090BE6C818907F4100A1DE0C /* spellingForMyKidsTests-Info.plist */,
				090BE6C918907F4100A1DE0C /* InfoPlist.strings */,
			);
			name = "Supporting Files";
			sourceTree = "<group>";
		};
		090BE6E31891386C00A1DE0C /* media */ = {
			isa = PBXGroup;
			children = (
				09A86E7719A29AD90076212E /* buttonAddListToolBar.png */,
				094ABF8419388B3A0091283E /* phonemeShape.png */,
				09F9F55F192F370900953982 /* icon */,
				09569215191FB10500A5386F /* font */,
				09569212191FA06900A5386F /* navBar */,
				093C131018DB21030087B17F /* button */,
				095C88301907BA4700E85581 /* tabBar */,
				096428CA19200786005DEB78 /* bonhommeVide.png */,
				091489BD192142E10040F7C5 /* roundGreen.png */,
			);
			name = media;
			sourceTree = "<group>";
		};
		090F23C318AA55C10095F2E7 /* views */ = {
			isa = PBXGroup;
			children = (
				090C0E7818A3CC5E00CE5E60 /* wordCell.h */,
				090C0E7918A3CC5E00CE5E60 /* wordCell.m */,
			);
			name = views;
			sourceTree = "<group>";
		};
		091489BF19216BBC0040F7C5 /* categoryCocoa */ = {
			isa = PBXGroup;
			children = (
				091489C019216BEF0040F7C5 /* UIImage+resize.h */,
				091489C119216BEF0040F7C5 /* UIImage+resize.m */,
				090B5B4019DD43A2000A7493 /* UIImage+medal.h */,
				090B5B4119DD43A2000A7493 /* UIImage+medal.m */,
				091489C3192176E90040F7C5 /* UIImageView+cornerRadius.h */,
				091489C4192176E90040F7C5 /* UIImageView+cornerRadius.m */,
			);
			name = categoryCocoa;
			sourceTree = "<group>";
		};
		09148AC9192564DD0040F7C5 /* view */ = {
			isa = PBXGroup;
			children = (
				091489BF19216BBC0040F7C5 /* categoryCocoa */,
				09A5B21A19D0600800EA02BD /* phonemView */,
				09148ACA192565320040F7C5 /* SPKeyboardButton.h */,
				09148ACB192565320040F7C5 /* SPKeyboardButton.m */,
				09148ACD19256B860040F7C5 /* SPLevelButton.h */,
				09148ACE19256B860040F7C5 /* SPLevelButton.m */,
			);
			name = view;
			sourceTree = "<group>";
		};
		09148AD1192579B30040F7C5 /* controller */ = {
			isa = PBXGroup;
			children = (
				0932614319C04A3700C4DD53 /* viewController */,
				0932614219C04A1E00C4DD53 /* speechUtterance */,
			);
			name = controller;
			sourceTree = "<group>";
		};
		092D2D2A19546A19004661C2 /* Products */ = {
			isa = PBXGroup;
			children = (
				092D2D3019546A19004661C2 /* syncWithAFNetworking.app */,
				092D2D3219546A19004661C2 /* libsyncWithAFNetworkingLibrary.a */,
			);
			name = Products;
			sourceTree = "<group>";
		};
		0932614119C049EA00C4DD53 /* segue */ = {
			isa = PBXGroup;
			children = (
				092C3A021934C7CD00A6E2B6 /* segueFromMenuToTabBar.h */,
				092C3A031934C7CD00A6E2B6 /* segueFromMenuToTabBar.m */,
			);
			name = segue;
			sourceTree = "<group>";
		};
		0932614219C04A1E00C4DD53 /* speechUtterance */ = {
			isa = PBXGroup;
			children = (
				09182F2C193DBD1500E93371 /* SPUtterance.h */,
				09182F2D193DBD1500E93371 /* SPUtterance.m */,
			);
			name = speechUtterance;
			sourceTree = "<group>";
		};
		0932614319C04A3700C4DD53 /* viewController */ = {
			isa = PBXGroup;
			children = (
				09A5B21619D05F2200EA02BD /* objectVC */,
				09C1F4DF18C92DB60038B5C5 /* objects List */,
				09514BEF19B6FED100FD651C /* test */,
			);
			name = viewController;
			sourceTree = "<group>";
		};
		093C131018DB21030087B17F /* button */ = {
			isa = PBXGroup;
			children = (
				09148AC119255AE80040F7C5 /* level1.png */,
				09148AC219255AE80040F7C5 /* level2.png */,
				09148AC319255AE80040F7C5 /* level3.png */,
				09148ABD19252FBE0040F7C5 /* keyboardScrabble.png */,
				09148ABE19252FBE0040F7C5 /* keyboardStandard.png */,
				096428D11920DDED005DEB78 /* replay.png */,
				0916BE3A18C65328007EF967 /* previous.png */,
				0916BE3818C64926007EF967 /* next.png */,
				0916BE3618C64666007EF967 /* play.png */,
				0916BE2E18C63116007EF967 /* buttonAddList.png */,
			);
			name = button;
			sourceTree = "<group>";
		};
		0947544818F420E500FBBAFC /* tinyMicrophone */ = {
			isa = PBXGroup;
			children = (
				09182F29193CC2D400E93371 /* buttonBin.png */,
				0947544918F4210000FBBAFC /* Main.storyboard */,
				0947543518F420DE00FBBAFC /* buttonPlay.png */,
				0947543718F420DE00FBBAFC /* buttonStop64.png */,
				0947543818F420DE00FBBAFC /* FDSoundActivatedRecorder.h */,
				0947543918F420DE00FBBAFC /* FDSoundActivatedRecorder.m */,
				0947543A18F420DE00FBBAFC /* microphone64.png */,
				0947543B18F420DE00FBBAFC /* microphone128.png */,
				0947543C18F420DE00FBBAFC /* MIMicrophoneUI.h */,
				0947543D18F420DE00FBBAFC /* MIMicrophoneUI.m */,
				0947543E18F420DE00FBBAFC /* MIViewController.h */,
				0947543F18F420DE00FBBAFC /* MIViewController.m */,
			);
			name = tinyMicrophone;
			sourceTree = "<group>";
		};
		0947545318F74B2200FBBAFC /* photoPicker */ = {
			isa = PBXGroup;
			children = (
				09F054B018F8030F00C2FB42 /* photoPicker.storyboard */,
				09F054B118F8030F00C2FB42 /* photoPicker.h */,
				09F054B218F8030F00C2FB42 /* photoPicker.m */,
				09CC998C18FA890E00BA4238 /* photoPickerViewController.h */,
				09CC998D18FA890E00BA4238 /* photoPickerViewController.m */,
				09F054B318F8030F00C2FB42 /* camera.png */,
				09F054B418F8030F00C2FB42 /* nothing.png */,
				09F054B518F8030F00C2FB42 /* directory.png */,
			);
			name = photoPicker;
			sourceTree = "<group>";
		};
		09514BE919B0AD0C00FD651C /* spellingForMyKidsCoreDataModel.momd */ = {
			isa = PBXGroup;
			children = (
				09514BEA19B0AD0C00FD651C /* spellingForMyKidsCoreDataModel.mom */,
				09514BEB19B0AD0C00FD651C /* VersionInfo.plist */,
			);
			name = spellingForMyKidsCoreDataModel.momd;
			path = "../../../../Library/Developer/Xcode/DerivedData/spellingForMyKids-cgxrxwyxcofxlwgaeeqjudkvzmyu/Build/Products/Debug-iphoneos/spellingForMyKidsCoreDataModel.momd";
			sourceTree = "<group>";
		};
		09514BEF19B6FED100FD651C /* test */ = {
			isa = PBXGroup;
			children = (
				0955041A18B0953A00128B5B /* SPTestVC.h */,
				0955041B18B0953A00128B5B /* SPTestVC.m */,
			);
			name = test;
			sourceTree = "<group>";
		};
		0951F7A219A7F0F600FD651C /* Products */ = {
			isa = PBXGroup;
			children = (
				0951F7A919A7F0F600FD651C /* libS4MKCoreDataStack.a */,
			);
			name = Products;
			sourceTree = "<group>";
		};
		09569212191FA06900A5386F /* navBar */ = {
			isa = PBXGroup;
			children = (
				09569213191FA0B000A5386F /* navBarBackground.png */,
			);
			name = navBar;
			sourceTree = "<group>";
		};
		09569215191FB10500A5386F /* font */ = {
			isa = PBXGroup;
			children = (
				09569216191FB13800A5386F /* Cursive standard.ttf */,
			);
			name = font;
			sourceTree = "<group>";
		};
		095C88301907BA4700E85581 /* tabBar */ = {
			isa = PBXGroup;
			children = (
				095C882E1907BA3200E85581 /* tabBarIcon_kids.png */,
				092A416718D1B58900382793 /* tabBarIcon_word.png */,
				092A416518D1B2D800382793 /* tabBarIcon_spelling.png */,
			);
			name = tabBar;
			sourceTree = "<group>";
		};
		0962E82F1896940D005A9A9F /* addOn */ = {
			isa = PBXGroup;
			children = (
				0947545318F74B2200FBBAFC /* photoPicker */,
				0947544818F420E500FBBAFC /* tinyMicrophone */,
			);
			name = addOn;
			sourceTree = "<group>";
		};
		09A5B21519D05F0300EA02BD /* subclasses */ = {
			isa = PBXGroup;
			children = (
				095691FC19139CE200A5386F /* SPWordList.h */,
				095691FD19139CEB00A5386F /* SPWordList.m */,
				095692021913A53700A5386F /* SPKidList.h */,
				095692031913A54200A5386F /* SPKidList.m */,
				095691FF1913A04300A5386F /* SPSpellingList.h */,
				095692001913A05100A5386F /* SPSpellingList.m */,
				092C3A081935372200A6E2B6 /* SPPhonemeList.h */,
				092C3A091935372200A6E2B6 /* SPPhonemeList.m */,
				09514BF619B745A900FD651C /* SPSpellingTestList.h */,
				09514BF719B745A900FD651C /* SPSpellingTestList.m */,
				090B5B3019DA902C000A7493 /* SPWordTestList.h */,
				090B5B3119DA902C000A7493 /* SPWordTestList.m */,
			);
			name = subclasses;
			sourceTree = "<group>";
		};
		09A5B21619D05F2200EA02BD /* objectVC */ = {
			isa = PBXGroup;
			children = (
				093AAD8518D10069005B8EA1 /* SPAnObject.h */,
				093AAD8618D10069005B8EA1 /* SPAnObject.m */,
				09A5B21719D05F5B00EA02BD /* subclasses */,
			);
			name = objectVC;
			sourceTree = "<group>";
		};
		09A5B21719D05F5B00EA02BD /* subclasses */ = {
			isa = PBXGroup;
			children = (
				090F238118A527480095F2E7 /* SPAWordTVC.h */,
				090F238218A527480095F2E7 /* SPAWordTVC.m */,
				090F239B18A984B50095F2E7 /* SPAKidVC.h */,
				090F239C18A984B50095F2E7 /* SPAKidVC.m */,
				09A5B21819D05F7700EA02BD /* objectWithList */,
			);
			name = subclasses;
			sourceTree = "<group>";
		};
		09A5B21819D05F7700EA02BD /* objectWithList */ = {
			isa = PBXGroup;
			children = (
				094ABFA71938DAA30091283E /* SPAnObjectWithList.h */,
				094ABFA81938DAA30091283E /* SPAnObjectWithList.m */,
				09A5B21919D05FAE00EA02BD /* subclasses */,
			);
			name = objectWithList;
			sourceTree = "<group>";
		};
		09A5B21919D05FAE00EA02BD /* subclasses */ = {
			isa = PBXGroup;
			children = (
				090F239418A8DDB80095F2E7 /* SPMenuVC.h */,
				090F239218A8DDB80095F2E7 /* SPMenuVC.m */,
				095691F419127D4C00A5386F /* SPSpelling.h */,
				095691F719127DEF00A5386F /* SPSpelling.m */,
				09514BFF19B7C0B300FD651C /* SPSpellingTest.h */,
				09514C0019B7C0B300FD651C /* SPSpellingTest.m */,
				092C3A0B1935389F00A6E2B6 /* SPPhoneme.h */,
				092C3A0C1935389F00A6E2B6 /* SPPhoneme.m */,
			);
			name = subclasses;
			sourceTree = "<group>";
		};
		09A5B21A19D0600800EA02BD /* phonemView */ = {
			isa = PBXGroup;
			children = (
				094ABF7919387C300091283E /* SPPhonemeView.h */,
				094ABF7A19387C300091283E /* SPPhonemeView.m */,
				094ABF82193884A00091283E /* SPPhonemeView.xib */,
			);
			name = phonemView;
			sourceTree = "<group>";
		};
		09C1F4DF18C92DB60038B5C5 /* objects List */ = {
			isa = PBXGroup;
			children = (
				0956920919152A2100A5386F /* SPObjectList.h */,
				0956920A19152A3A00A5386F /* SPObjectList.m */,
				09A5B21519D05F0300EA02BD /* subclasses */,
				090F23C318AA55C10095F2E7 /* views */,
			);
			name = "objects List";
			sourceTree = "<group>";
		};
		09D3F3CA19C1AB430026277A /* Products */ = {
			isa = PBXGroup;
			children = (
				09D3F3CF19C1AB430026277A /* scrabbleKeyboard.app */,
				09D3F3FD19C1ACF00026277A /* libS4MKKeyboard.a */,
			);
			name = Products;
			sourceTree = "<group>";
		};
		09F9F55F192F370900953982 /* icon */ = {
			isa = PBXGroup;
			children = (
				09F9F560192F371E00953982 /* iconsResultGood.png */,
				09F9F561192F371E00953982 /* iconsResultWrong.png */,
			);
			name = icon;
			sourceTree = "<group>";
		};
/* End PBXGroup section */

/* Begin PBXHeadersBuildPhase section */
		090B5B1819D69883000A7493 /* Headers */ = {
			isa = PBXHeadersBuildPhase;
			buildActionMask = 2147483647;
			files = (
				090B5B4219DD43A2000A7493 /* UIImage+medal.h in Headers */,
				090B5B3219DA902C000A7493 /* SPWordTestList.h in Headers */,
			);
			runOnlyForDeploymentPostprocessing = 0;
		};
/* End PBXHeadersBuildPhase section */

/* Begin PBXNativeTarget section */
		090BE69A18907F4000A1DE0C /* spellingForMyKids */ = {
			isa = PBXNativeTarget;
			buildConfigurationList = 090BE6D018907F4100A1DE0C /* Build configuration list for PBXNativeTarget "spellingForMyKids" */;
			buildPhases = (
				090BE69718907F4000A1DE0C /* Sources */,
				090BE69818907F4000A1DE0C /* Frameworks */,
				090BE69918907F4000A1DE0C /* Resources */,
				090B5B1819D69883000A7493 /* Headers */,
			);
			buildRules = (
			);
			dependencies = (
				09D3F3F919C1ACF00026277A /* PBXTargetDependency */,
				09510C9619AAB90800FD651C /* PBXTargetDependency */,
				09510C9419AAB90400FD651C /* PBXTargetDependency */,
			);
			name = spellingForMyKids;
			productName = spellingForMyKids;
			productReference = 090BE69B18907F4000A1DE0C /* spellingForMyKids.app */;
			productType = "com.apple.product-type.application";
		};
/* End PBXNativeTarget section */

/* Begin PBXProject section */
		090BE69318907F4000A1DE0C /* Project object */ = {
			isa = PBXProject;
			attributes = {
				LastUpgradeCheck = 0510;
				ORGANIZATIONNAME = "Olivier Delecueillerie";
				TargetAttributes = {
					090BE69A18907F4000A1DE0C = {
						DevelopmentTeam = SHPQ7VY3T5;
					};
				};
			};
			buildConfigurationList = 090BE69618907F4000A1DE0C /* Build configuration list for PBXProject "spellingForMyKids" */;
			compatibilityVersion = "Xcode 3.2";
			developmentRegion = English;
			hasScannedForEncodings = 0;
			knownRegions = (
				en,
				Base,
				fr,
				English,
			);
			mainGroup = 090BE69218907F4000A1DE0C;
			productRefGroup = 090BE69C18907F4000A1DE0C /* Products */;
			projectDirPath = "";
			projectReferences = (
				{
					ProductGroup = 0951F7A219A7F0F600FD651C /* Products */;
					ProjectRef = 0951F7A119A7F0F600FD651C /* coreDataStack.xcodeproj */;
				},
				{
					ProductGroup = 09D3F3CA19C1AB430026277A /* Products */;
					ProjectRef = 09D3F3C919C1AB430026277A /* scrabbleKeyboard.xcodeproj */;
				},
				{
					ProductGroup = 092D2D2A19546A19004661C2 /* Products */;
					ProjectRef = 092D2D2919546A19004661C2 /* syncWithAFNetworking.xcodeproj */;
				},
			);
			projectRoot = "";
			targets = (
				090BE69A18907F4000A1DE0C /* spellingForMyKids */,
			);
		};
/* End PBXProject section */

/* Begin PBXReferenceProxy section */
		092D2D3019546A19004661C2 /* syncWithAFNetworking.app */ = {
			isa = PBXReferenceProxy;
			fileType = wrapper.application;
			path = syncWithAFNetworking.app;
			remoteRef = 092D2D2F19546A19004661C2 /* PBXContainerItemProxy */;
			sourceTree = BUILT_PRODUCTS_DIR;
		};
		092D2D3219546A19004661C2 /* libsyncWithAFNetworkingLibrary.a */ = {
			isa = PBXReferenceProxy;
			fileType = archive.ar;
			path = libsyncWithAFNetworkingLibrary.a;
			remoteRef = 092D2D3119546A19004661C2 /* PBXContainerItemProxy */;
			sourceTree = BUILT_PRODUCTS_DIR;
		};
		0951F7A919A7F0F600FD651C /* libS4MKCoreDataStack.a */ = {
			isa = PBXReferenceProxy;
			fileType = archive.ar;
			path = libS4MKCoreDataStack.a;
			remoteRef = 0951F7A819A7F0F600FD651C /* PBXContainerItemProxy */;
			sourceTree = BUILT_PRODUCTS_DIR;
		};
		09D3F3CF19C1AB430026277A /* scrabbleKeyboard.app */ = {
			isa = PBXReferenceProxy;
			fileType = wrapper.application;
			path = scrabbleKeyboard.app;
			remoteRef = 09D3F3CE19C1AB430026277A /* PBXContainerItemProxy */;
			sourceTree = BUILT_PRODUCTS_DIR;
		};
		09D3F3FD19C1ACF00026277A /* libS4MKKeyboard.a */ = {
			isa = PBXReferenceProxy;
			fileType = archive.ar;
			path = libS4MKKeyboard.a;
			remoteRef = 09D3F3FC19C1ACF00026277A /* PBXContainerItemProxy */;
			sourceTree = BUILT_PRODUCTS_DIR;
		};
/* End PBXReferenceProxy section */

/* Begin PBXResourcesBuildPhase section */
		090BE69918907F4000A1DE0C /* Resources */ = {
			isa = PBXResourcesBuildPhase;
			buildActionMask = 2147483647;
			files = (
				09F054BA18F8030F00C2FB42 /* directory.png in Resources */,
				0947544418F420DE00FBBAFC /* microphone64.png in Resources */,
				090BE6B518907F4100A1DE0C /* Main_iPad.storyboard in Resources */,
				09148AC519255AE80040F7C5 /* level2.png in Resources */,
				09148AC619255AE80040F7C5 /* level3.png in Resources */,
				090BE6BA18907F4100A1DE0C /* Images.xcassets in Resources */,
				09148ABF19252FBE0040F7C5 /* keyboardScrabble.png in Resources */,
				0947544518F420DE00FBBAFC /* microphone128.png in Resources */,
				09F054B918F8030F00C2FB42 /* nothing.png in Resources */,
				09569214191FA0B000A5386F /* navBarBackground.png in Resources */,
				094ABF83193884A00091283E /* SPPhonemeView.xib in Resources */,
				0916BE3718C64666007EF967 /* play.png in Resources */,
				096428D21920DDED005DEB78 /* replay.png in Resources */,
				09514BEC19B0AD0C00FD651C /* spellingForMyKidsCoreDataModel.mom in Resources */,
				09569217191FB13800A5386F /* Cursive standard.ttf in Resources */,
				096428CB19200786005DEB78 /* bonhommeVide.png in Resources */,
				09148AC019252FBE0040F7C5 /* keyboardStandard.png in Resources */,
				09148AC419255AE80040F7C5 /* level1.png in Resources */,
				0947544B18F4210000FBBAFC /* Main.storyboard in Resources */,
				0916BE3918C64926007EF967 /* next.png in Resources */,
				09182F2A193CC2D400E93371 /* buttonBin.png in Resources */,
				09F9F562192F371E00953982 /* iconsResultGood.png in Resources */,
				09F054B818F8030F00C2FB42 /* camera.png in Resources */,
				092A416818D1B58900382793 /* tabBarIcon_word.png in Resources */,
				09F054B618F8030F00C2FB42 /* photoPicker.storyboard in Resources */,
				0916BE2F18C63116007EF967 /* buttonAddList.png in Resources */,
				095C882F1907BA3200E85581 /* tabBarIcon_kids.png in Resources */,
				0947544018F420DE00FBBAFC /* buttonPlay.png in Resources */,
				09A86E7819A29AD90076212E /* buttonAddListToolBar.png in Resources */,
				090BE6A918907F4000A1DE0C /* InfoPlist.strings in Resources */,
				091489BE192142E10040F7C5 /* roundGreen.png in Resources */,
				0947544218F420DE00FBBAFC /* buttonStop64.png in Resources */,
				09ACA51519D34FAA00C22FA2 /* scrabbleKeyboard.xcassets in Resources */,
				092250911999390C00D236AF /* Main_iPhone.storyboard in Resources */,
				092A416618D1B2D800382793 /* tabBarIcon_spelling.png in Resources */,
				094ABF8519388B3A0091283E /* phonemeShape.png in Resources */,
				0916BE3B18C65328007EF967 /* previous.png in Resources */,
				09F9F563192F371E00953982 /* iconsResultWrong.png in Resources */,
				09514BED19B0AD0C00FD651C /* VersionInfo.plist in Resources */,
			);
			runOnlyForDeploymentPostprocessing = 0;
		};
/* End PBXResourcesBuildPhase section */

/* Begin PBXSourcesBuildPhase section */
		090BE69718907F4000A1DE0C /* Sources */ = {
			isa = PBXSourcesBuildPhase;
			buildActionMask = 2147483647;
			files = (
				09148ACF19256B860040F7C5 /* SPLevelButton.m in Sources */,
				095691F819127DEF00A5386F /* SPSpelling.m in Sources */,
				092C3A0D1935389F00A6E2B6 /* SPPhoneme.m in Sources */,
				095692041913A54200A5386F /* SPKidList.m in Sources */,
				090C0E7A18A3CC5E00CE5E60 /* wordCell.m in Sources */,
				090B5B3319DA902C000A7493 /* SPWordTestList.m in Sources */,
				0956920B19152A3A00A5386F /* SPObjectList.m in Sources */,
				0947544318F420DE00FBBAFC /* FDSoundActivatedRecorder.m in Sources */,
				090BE6AF18907F4000A1DE0C /* AppDelegate.m in Sources */,
				091489C219216BEF0040F7C5 /* UIImage+resize.m in Sources */,
				09CC998E18FA890E00BA4238 /* photoPickerViewController.m in Sources */,
				090F239D18A984B50095F2E7 /* SPAKidVC.m in Sources */,
				092C3A041934C7CD00A6E2B6 /* segueFromMenuToTabBar.m in Sources */,
				095691FE19139CEB00A5386F /* SPWordList.m in Sources */,
				0947544618F420DE00FBBAFC /* MIMicrophoneUI.m in Sources */,
				091489C5192176E90040F7C5 /* UIImageView+cornerRadius.m in Sources */,
				090F238318A527480095F2E7 /* SPAWordTVC.m in Sources */,
				094ABF7B19387C300091283E /* SPPhonemeView.m in Sources */,
				09514BF819B745A900FD651C /* SPSpellingTestList.m in Sources */,
				09182F2E193DBD1500E93371 /* SPUtterance.m in Sources */,
				0955041C18B0953A00128B5B /* SPTestVC.m in Sources */,
				09148ACC192565320040F7C5 /* SPKeyboardButton.m in Sources */,
				093AAD8718D10069005B8EA1 /* SPAnObject.m in Sources */,
				090F239518A8DDB80095F2E7 /* SPMenuVC.m in Sources */,
				090BE6AB18907F4000A1DE0C /* main.m in Sources */,
				090B5B4319DD43A2000A7493 /* UIImage+medal.m in Sources */,
				0947544718F420DE00FBBAFC /* MIViewController.m in Sources */,
				094ABFA91938DAA30091283E /* SPAnObjectWithList.m in Sources */,
				09514C0119B7C0B300FD651C /* SPSpellingTest.m in Sources */,
				095692011913A05100A5386F /* SPSpellingList.m in Sources */,
				092C3A0A1935372200A6E2B6 /* SPPhonemeList.m in Sources */,
				09F054B718F8030F00C2FB42 /* photoPicker.m in Sources */,
			);
			runOnlyForDeploymentPostprocessing = 0;
		};
/* End PBXSourcesBuildPhase section */

/* Begin PBXTargetDependency section */
		09510C9419AAB90400FD651C /* PBXTargetDependency */ = {
			isa = PBXTargetDependency;
			name = coreDataStackLibrairy;
			targetProxy = 09510C9319AAB90400FD651C /* PBXContainerItemProxy */;
		};
		09510C9619AAB90800FD651C /* PBXTargetDependency */ = {
			isa = PBXTargetDependency;
			name = syncWithAFNetworkingLibrary;
			targetProxy = 09510C9519AAB90800FD651C /* PBXContainerItemProxy */;
		};
		09D3F3F919C1ACF00026277A /* PBXTargetDependency */ = {
			isa = PBXTargetDependency;
			name = S4MKKeyboard;
			targetProxy = 09D3F3F819C1ACF00026277A /* PBXContainerItemProxy */;
		};
/* End PBXTargetDependency section */

/* Begin PBXVariantGroup section */
		090BE6A718907F4000A1DE0C /* InfoPlist.strings */ = {
			isa = PBXVariantGroup;
			children = (
				090BE6A818907F4000A1DE0C /* en */,
			);
			name = InfoPlist.strings;
			sourceTree = "<group>";
		};
		090BE6B318907F4100A1DE0C /* Main_iPad.storyboard */ = {
			isa = PBXVariantGroup;
			children = (
				090BE6B418907F4100A1DE0C /* Base */,
			);
			name = Main_iPad.storyboard;
			sourceTree = "<group>";
		};
		090BE6C918907F4100A1DE0C /* InfoPlist.strings */ = {
			isa = PBXVariantGroup;
			children = (
				090BE6CA18907F4100A1DE0C /* en */,
			);
			name = InfoPlist.strings;
			sourceTree = "<group>";
		};
		0947544918F4210000FBBAFC /* Main.storyboard */ = {
			isa = PBXVariantGroup;
			children = (
				0947544A18F4210000FBBAFC /* Base */,
			);
			name = Main.storyboard;
			sourceTree = "<group>";
		};
/* End PBXVariantGroup section */

/* Begin XCBuildConfiguration section */
		090BE6CE18907F4100A1DE0C /* Debug */ = {
			isa = XCBuildConfiguration;
			buildSettings = {
				ALWAYS_SEARCH_USER_PATHS = NO;
				CLANG_CXX_LANGUAGE_STANDARD = "gnu++0x";
				CLANG_CXX_LIBRARY = "libc++";
				CLANG_ENABLE_MODULES = YES;
				CLANG_ENABLE_OBJC_ARC = YES;
				CLANG_WARN_BOOL_CONVERSION = YES;
				CLANG_WARN_CONSTANT_CONVERSION = YES;
				CLANG_WARN_DIRECT_OBJC_ISA_USAGE = YES_ERROR;
				CLANG_WARN_EMPTY_BODY = YES;
				CLANG_WARN_ENUM_CONVERSION = YES;
				CLANG_WARN_INT_CONVERSION = YES;
				CLANG_WARN_OBJC_ROOT_CLASS = YES_ERROR;
				CLANG_WARN__DUPLICATE_METHOD_MATCH = YES;
				"CODE_SIGN_IDENTITY[sdk=iphoneos*]" = "iPhone Developer";
				COPY_PHASE_STRIP = NO;
				GCC_C_LANGUAGE_STANDARD = gnu99;
				GCC_DYNAMIC_NO_PIC = NO;
				GCC_OPTIMIZATION_LEVEL = 0;
				GCC_PREPROCESSOR_DEFINITIONS = (
					"DEBUG=1",
					"$(inherited)",
				);
				GCC_SYMBOLS_PRIVATE_EXTERN = NO;
				GCC_WARN_64_TO_32_BIT_CONVERSION = YES;
				GCC_WARN_ABOUT_RETURN_TYPE = YES_ERROR;
				GCC_WARN_UNDECLARED_SELECTOR = YES;
				GCC_WARN_UNINITIALIZED_AUTOS = YES;
				GCC_WARN_UNUSED_FUNCTION = YES;
				GCC_WARN_UNUSED_VARIABLE = YES;
				IPHONEOS_DEPLOYMENT_TARGET = 7.0;
				ONLY_ACTIVE_ARCH = YES;
				SDKROOT = iphoneos;
				TARGETED_DEVICE_FAMILY = "1,2";
			};
			name = Debug;
		};
		090BE6CF18907F4100A1DE0C /* Release */ = {
			isa = XCBuildConfiguration;
			buildSettings = {
				ALWAYS_SEARCH_USER_PATHS = NO;
				CLANG_CXX_LANGUAGE_STANDARD = "gnu++0x";
				CLANG_CXX_LIBRARY = "libc++";
				CLANG_ENABLE_MODULES = YES;
				CLANG_ENABLE_OBJC_ARC = YES;
				CLANG_WARN_BOOL_CONVERSION = YES;
				CLANG_WARN_CONSTANT_CONVERSION = YES;
				CLANG_WARN_DIRECT_OBJC_ISA_USAGE = YES_ERROR;
				CLANG_WARN_EMPTY_BODY = YES;
				CLANG_WARN_ENUM_CONVERSION = YES;
				CLANG_WARN_INT_CONVERSION = YES;
				CLANG_WARN_OBJC_ROOT_CLASS = YES_ERROR;
				CLANG_WARN__DUPLICATE_METHOD_MATCH = YES;
				"CODE_SIGN_IDENTITY[sdk=iphoneos*]" = "iPhone Developer";
				COPY_PHASE_STRIP = YES;
				ENABLE_NS_ASSERTIONS = NO;
				GCC_C_LANGUAGE_STANDARD = gnu99;
				GCC_WARN_64_TO_32_BIT_CONVERSION = YES;
				GCC_WARN_ABOUT_RETURN_TYPE = YES_ERROR;
				GCC_WARN_UNDECLARED_SELECTOR = YES;
				GCC_WARN_UNINITIALIZED_AUTOS = YES;
				GCC_WARN_UNUSED_FUNCTION = YES;
				GCC_WARN_UNUSED_VARIABLE = YES;
				IPHONEOS_DEPLOYMENT_TARGET = 7.0;
				SDKROOT = iphoneos;
				TARGETED_DEVICE_FAMILY = "1,2";
				VALIDATE_PRODUCT = YES;
			};
			name = Release;
		};
		090BE6D118907F4100A1DE0C /* Debug */ = {
			isa = XCBuildConfiguration;
			buildSettings = {
				ALWAYS_SEARCH_USER_PATHS = YES;
				ASSETCATALOG_COMPILER_APPICON_NAME = AppIcon;
				ASSETCATALOG_COMPILER_LAUNCHIMAGE_NAME = LaunchImage;
				CODE_SIGN_IDENTITY = "iPhone Developer";
				"CODE_SIGN_IDENTITY[sdk=iphoneos*]" = "iPhone Developer";
				FRAMEWORK_SEARCH_PATHS = "$(inherited)";
				GCC_PRECOMPILE_PREFIX_HEADER = YES;
				GCC_PREFIX_HEADER = "spellingForMyKids/spellingForMyKids-Prefix.pch";
				HEADER_SEARCH_PATHS = (
					"$(inherited)",
					/Applications/Xcode.app/Contents/Developer/Toolchains/XcodeDefault.xctoolchain/usr/include,
					$SOURCE_ROOT/usr/local/include,
					$SOURCE_ROOT/include,
				);
				INFOPLIST_FILE = "spellingForMyKids/spellingForMyKids-Info.plist";
				IPHONEOS_DEPLOYMENT_TARGET = 7.0;
				LIBRARY_SEARCH_PATHS = (
					"$(inherited)",
					"$(USER_LIBRARY_DIR)/Developer/Xcode/DerivedData/spellingForMyKids-cgxrxwyxcofxlwgaeeqjudkvzmyu/Build/Products/Debug-iphoneos/**",
				);
				OTHER_LDFLAGS = "-ObjC";
				PRODUCT_NAME = "$(TARGET_NAME)";
				PROVISIONING_PROFILE = "";
				SCAN_ALL_SOURCE_FILES_FOR_INCLUDES = NO;
				TARGETED_DEVICE_FAMILY = "1,2";
				WRAPPER_EXTENSION = app;
			};
			name = Debug;
		};
		090BE6D218907F4100A1DE0C /* Release */ = {
			isa = XCBuildConfiguration;
			buildSettings = {
				ALWAYS_SEARCH_USER_PATHS = YES;
				ASSETCATALOG_COMPILER_APPICON_NAME = AppIcon;
				ASSETCATALOG_COMPILER_LAUNCHIMAGE_NAME = LaunchImage;
				CODE_SIGN_IDENTITY = "iPhone Developer";
				"CODE_SIGN_IDENTITY[sdk=iphoneos*]" = "iPhone Developer";
				FRAMEWORK_SEARCH_PATHS = "$(inherited)";
				GCC_PRECOMPILE_PREFIX_HEADER = YES;
				GCC_PREFIX_HEADER = "spellingForMyKids/spellingForMyKids-Prefix.pch";
				HEADER_SEARCH_PATHS = (
					"$(inherited)",
					/Applications/Xcode.app/Contents/Developer/Toolchains/XcodeDefault.xctoolchain/usr/include,
					$SOURCE_ROOT/usr/local/include,
					$SOURCE_ROOT/include,
				);
				INFOPLIST_FILE = "spellingForMyKids/spellingForMyKids-Info.plist";
				IPHONEOS_DEPLOYMENT_TARGET = 7.0;
				LIBRARY_SEARCH_PATHS = (
					"$(inherited)",
					"$(USER_LIBRARY_DIR)/Developer/Xcode/DerivedData/spellingForMyKids-cgxrxwyxcofxlwgaeeqjudkvzmyu/Build/Products/Debug-iphoneos/**",
				);
				OTHER_LDFLAGS = "-ObjC";
				PRODUCT_NAME = "$(TARGET_NAME)";
				PROVISIONING_PROFILE = "";
				SCAN_ALL_SOURCE_FILES_FOR_INCLUDES = NO;
				TARGETED_DEVICE_FAMILY = "1,2";
				WRAPPER_EXTENSION = app;
			};
			name = Release;
		};
/* End XCBuildConfiguration section */

/* Begin XCConfigurationList section */
		090BE69618907F4000A1DE0C /* Build configuration list for PBXProject "spellingForMyKids" */ = {
			isa = XCConfigurationList;
			buildConfigurations = (
				090BE6CE18907F4100A1DE0C /* Debug */,
				090BE6CF18907F4100A1DE0C /* Release */,
			);
			defaultConfigurationIsVisible = 0;
			defaultConfigurationName = Release;
		};
		090BE6D018907F4100A1DE0C /* Build configuration list for PBXNativeTarget "spellingForMyKids" */ = {
			isa = XCConfigurationList;
			buildConfigurations = (
				090BE6D118907F4100A1DE0C /* Debug */,
				090BE6D218907F4100A1DE0C /* Release */,
			);
			defaultConfigurationIsVisible = 0;
			defaultConfigurationName = Release;
		};
/* End XCConfigurationList section */
	};
	rootObject = 090BE69318907F4000A1DE0C /* Project object */;
}
